
Microsoft Visual Studio Solution File, Format Version 12.00
# Visual Studio Version 17
VisualStudioVersion = 17.7.34221.43
MinimumVisualStudioVersion = 10.0.40219.1
Project("{2150E333-8FDC-42A3-9474-1A3956D46DE8}") = "EX_02", "EX_02", "{3CEEF307-4787-4D1F-A72D-897DFBB73F2B}"
EndProject
Project("{8BC9CEB8-8B4A-11D0-8D11-00A0C91BC942}") = "2-3", "EX_02\2-3\2-3.vcxproj", "{596D89D8-5578-4FFA-BEBF-1BB2468C13A4}"
EndProject
Project("{8BC9CEB8-8B4A-11D0-8D11-00A0C91BC942}") = "2-4", "EX_02\2-4\2-4.vcxproj", "{5B90A5BF-772B-42B8-93BC-019D9F8E02FC}"
EndProject
Project("{8BC9CEB8-8B4A-11D0-8D11-00A0C91BC942}") = "2-5", "EX_02\2-5\2-5.vcxproj", "{F414A0BE-3A20-48BB-B23C-CE79FF9573AB}"
EndProject
Project("{8BC9CEB8-8B4A-11D0-8D11-00A0C91BC942}") = "2-6", "EX_02\2-6\2-6.vcxproj", "{F634A8AD-4C44-4E4F-BC80-8CAB14C796BE}"
EndProject
Project("{8BC9CEB8-8B4A-11D0-8D11-00A0C91BC942}") = "2-7", "EX_02\2-7\2-7.vcxproj", "{67C2D21E-4568-4B67-905D-CD75759A6298}"
EndProject
Project("{2150E333-8FDC-42A3-9474-1A3956D46DE8}") = "EX_03", "EX_03", "{9D35E51A-2CC1-4A8B-A17D-1EFBC2B6C659}"
EndProject
Project("{8BC9CEB8-8B4A-11D0-8D11-00A0C91BC942}") = "3-1", "EX_03\3-1\3-1.vcxproj", "{2DC7C2A4-4071-4CC8-9D21-1DB52AC26CC8}"
EndProject
Project("{8BC9CEB8-8B4A-11D0-8D11-00A0C91BC942}") = "3-2", "EX_03\3-2\3-2.vcxproj", "{80CB99C8-4670-49DD-BD9E-582FD9977722}"
EndProject
Project("{8BC9CEB8-8B4A-11D0-8D11-00A0C91BC942}") = "3-3", "EX_03\3-3\3-3.vcxproj", "{CB5FC4F7-C419-4B0D-AADF-2DB32BAA07AF}"
EndProject
Project("{8BC9CEB8-8B4A-11D0-8D11-00A0C91BC942}") = "3-4", "EX_03\3-4\3-4.vcxproj", "{011D7A35-9492-4BCE-B16E-7750F6DB3E6E}"
EndProject
Project("{8BC9CEB8-8B4A-11D0-8D11-00A0C91BC942}") = "3-6", "EX_03\3-6\3-6.vcxproj", "{6A1E1BEA-EF3E-413C-B8B4-75245E82369B}"
EndProject
Project("{8BC9CEB8-8B4A-11D0-8D11-00A0C91BC942}") = "3-7", "EX_03\3-7\3-7.vcxproj", "{0805AC34-E259-446E-BC81-615A0B29FF1C}"
EndProject
Project("{2150E333-8FDC-42A3-9474-1A3956D46DE8}") = "솔루션 항목", "솔루션 항목", "{8E9D4784-131B-4740-845D-6C49D6CD21A6}"
	ProjectSection(SolutionItems) = preProject
		README.md = README.md
	EndProjectSection
EndProject
Project("{8BC9CEB8-8B4A-11D0-8D11-00A0C91BC942}") = "3-9", "EX_03\3-9\3-9.vcxproj", "{25FE87A3-260D-40AC-B83E-D7E15BB53167}"
EndProject
Project("{8BC9CEB8-8B4A-11D0-8D11-00A0C91BC942}") = "3-10", "EX_03\3-10\3-10.vcxproj", "{3412A399-15BA-416C-87C4-1639F77C2243}"
EndProject
Project("{8BC9CEB8-8B4A-11D0-8D11-00A0C91BC942}") = "3-11", "EX_03\3-11\3-11.vcxproj", "{E25A415F-D511-4A02-B266-2A3A5CCA45E6}"
EndProject
Project("{2150E333-8FDC-42A3-9474-1A3956D46DE8}") = "EX_04", "EX_04", "{AE525EB5-1814-4CF2-B952-28E99D73896F}"
EndProject
Project("{8BC9CEB8-8B4A-11D0-8D11-00A0C91BC942}") = "4-1", "EX_04\4-1\4-1.vcxproj", "{802E3977-E534-4548-BA38-8142DAADD694}"
EndProject
Project("{8BC9CEB8-8B4A-11D0-8D11-00A0C91BC942}") = "4-2", "EX_04\4-2\4-2.vcxproj", "{B957CB33-5B2F-4276-89B1-7BC36700E1B3}"
EndProject
Project("{8BC9CEB8-8B4A-11D0-8D11-00A0C91BC942}") = "4-3", "EX_04\4-3\4-3.vcxproj", "{74A35723-6863-4619-807E-DC3C7A0BF314}"
EndProject
Project("{8BC9CEB8-8B4A-11D0-8D11-00A0C91BC942}") = "4-4", "EX_04\4-4\4-4.vcxproj", "{292EF0B6-846D-4BC5-83F6-1F2E5E5B5ACC}"
EndProject
Project("{8BC9CEB8-8B4A-11D0-8D11-00A0C91BC942}") = "4-5", "EX_04\4-5\4-5.vcxproj", "{29550BE7-25FD-418C-B545-912D3A5A3DAA}"
EndProject
Project("{2150E333-8FDC-42A3-9474-1A3956D46DE8}") = "EX_05", "EX_05", "{99F4310A-2450-4B01-A708-D16BC21FF532}"
EndProject
Project("{8BC9CEB8-8B4A-11D0-8D11-00A0C91BC942}") = "5-1", "EX_05\5-1\5-1.vcxproj", "{213CBD49-6553-486C-9002-CB3319EA8AE9}"
EndProject
Project("{8BC9CEB8-8B4A-11D0-8D11-00A0C91BC942}") = "5-2", "EX_05\5-2\5-2.vcxproj", "{8B8C5933-93EB-4070-BC02-A967E59102B5}"
EndProject
Project("{2150E333-8FDC-42A3-9474-1A3956D46DE8}") = "EX_06", "EX_06", "{88E03A18-CBBD-4502-831E-DDFE4A72659C}"
EndProject
Project("{8BC9CEB8-8B4A-11D0-8D11-00A0C91BC942}") = "6-1", "EX_06\6-1\6-1.vcxproj", "{819756CA-6FAC-41AA-B26D-40B9F52A90FF}"
EndProject
Project("{8BC9CEB8-8B4A-11D0-8D11-00A0C91BC942}") = "6-2", "EX_06\6-2\6-2.vcxproj", "{66E9460C-5DCC-4B75-ACC2-C784C95338C2}"
EndProject
Project("{8BC9CEB8-8B4A-11D0-8D11-00A0C91BC942}") = "6-3", "EX_06\6-3\6-3.vcxproj", "{20E5442F-2854-49C4-99B3-4A58209776BA}"
EndProject
Project("{8BC9CEB8-8B4A-11D0-8D11-00A0C91BC942}") = "6-4", "EX_06\6-4\6-4.vcxproj", "{F65999A4-5ABB-4808-AFEE-C81DBDB23402}"
EndProject
Project("{8BC9CEB8-8B4A-11D0-8D11-00A0C91BC942}") = "6-5", "EX_06\6-5\6-5.vcxproj", "{B2CAA6A4-842B-4C3D-8091-E28E72D9B331}"
EndProject
Project("{8BC9CEB8-8B4A-11D0-8D11-00A0C91BC942}") = "6-6", "EX_06\6-6\6-6.vcxproj", "{2BD17CC5-1B65-4901-8C3A-CECF7CBC76BB}"
EndProject
Project("{2150E333-8FDC-42A3-9474-1A3956D46DE8}") = "EX_07", "EX_07", "{E0A9A90E-413B-4B5D-B5CF-1428481F99CB}"
EndProject
Project("{8BC9CEB8-8B4A-11D0-8D11-00A0C91BC942}") = "7-1", "EX_07\7-1\7-1.vcxproj", "{1D1C2106-A627-4E55-816F-E98EE49411F3}"
EndProject
Project("{8BC9CEB8-8B4A-11D0-8D11-00A0C91BC942}") = "7-2", "EX_07\7-2\7-2.vcxproj", "{D4B7A7A5-E224-4A12-BA9A-C0ECC5BC6003}"
EndProject
Project("{8BC9CEB8-8B4A-11D0-8D11-00A0C91BC942}") = "7-3", "EX_07\7-3\7-3.vcxproj", "{C061AF0B-F516-4F5B-B8A9-74CAD4B9BDC1}"
EndProject
Project("{8BC9CEB8-8B4A-11D0-8D11-00A0C91BC942}") = "7-4", "EX_07\7-4\7-4.vcxproj", "{75A6CD9E-A599-483E-9B98-F003D879407C}"
EndProject
Project("{2150E333-8FDC-42A3-9474-1A3956D46DE8}") = "EX_08", "EX_08", "{9835482A-B530-45A1-A359-EB454138F583}"
EndProject
Project("{8BC9CEB8-8B4A-11D0-8D11-00A0C91BC942}") = "8-1", "EX_08\8-1\8-1.vcxproj", "{9B312390-0901-4649-9F2C-E7344EB01A1C}"
EndProject
Project("{8BC9CEB8-8B4A-11D0-8D11-00A0C91BC942}") = "8-2", "EX_08\8-2\8-2.vcxproj", "{C6CB26CB-452C-4394-87BA-4E56D7F2499F}"
EndProject
Project("{8BC9CEB8-8B4A-11D0-8D11-00A0C91BC942}") = "8-3", "EX_08\8-3\8-3.vcxproj", "{2C0BAB2C-D15A-423F-89CF-030625927942}"
EndProject
Project("{8BC9CEB8-8B4A-11D0-8D11-00A0C91BC942}") = "8-4", "EX_08\8-4\8-4.vcxproj", "{A8B40504-4484-4DBA-9472-249E7C19834B}"
EndProject
Project("{8BC9CEB8-8B4A-11D0-8D11-00A0C91BC942}") = "8-5", "EX_08\8-5\8-5.vcxproj", "{20C4A168-3315-419B-BD36-EFEE90A655D0}"
EndProject
Project("{8BC9CEB8-8B4A-11D0-8D11-00A0C91BC942}") = "8-6", "EX_08\8-6\8-6.vcxproj", "{70E5BDB9-4D5E-4676-A3B4-70015AC7DAD8}"
EndProject
Project("{2150E333-8FDC-42A3-9474-1A3956D46DE8}") = "EX_09", "EX_09", "{C09B3BE0-3FCA-4BE2-B7DA-F9B6FB36390C}"
EndProject
Project("{8BC9CEB8-8B4A-11D0-8D11-00A0C91BC942}") = "9-1", "EX_09\9-1\9-1.vcxproj", "{9B56FC6D-C76F-4E0F-B9F3-BBD8558C0DB3}"
EndProject
Project("{8BC9CEB8-8B4A-11D0-8D11-00A0C91BC942}") = "9-2", "EX_09\9-2\9-2.vcxproj", "{E4901BB1-C99F-49E2-92E3-76CD9A41EB86}"
EndProject
Project("{8BC9CEB8-8B4A-11D0-8D11-00A0C91BC942}") = "9-3", "EX_09\9-3\9-3.vcxproj", "{4FDA6BED-537C-4D4C-B29C-680E5745D31A}"
EndProject
Project("{8BC9CEB8-8B4A-11D0-8D11-00A0C91BC942}") = "9-4", "EX_09\9-4\9-4.vcxproj", "{C15C0282-139D-46F2-86BF-16E3BFAD8FA6}"
EndProject
Project("{8BC9CEB8-8B4A-11D0-8D11-00A0C91BC942}") = "9-5", "EX_09\9-5\9-5.vcxproj", "{BC9B4818-DCC4-47A5-84C9-EA8B44AC17C2}"
EndProject
Project("{8BC9CEB8-8B4A-11D0-8D11-00A0C91BC942}") = "9-6", "EX_09\9-6\9-6.vcxproj", "{3EDE9A52-281B-4E2B-90E1-3A265F98F396}"
EndProject
Project("{2150E333-8FDC-42A3-9474-1A3956D46DE8}") = "EX_10", "EX_10", "{E09DC220-9E00-4740-8639-B58FCAA3FAD6}"
EndProject
Project("{8BC9CEB8-8B4A-11D0-8D11-00A0C91BC942}") = "10-1", "EX_10\10-1\10-1.vcxproj", "{5060E294-8441-42FC-A713-E32A5B8FE496}"
EndProject
Project("{8BC9CEB8-8B4A-11D0-8D11-00A0C91BC942}") = "10-2", "EX_10\10-2\10-2.vcxproj", "{116947AF-C025-4D28-872B-91CB33D617A5}"
EndProject
Project("{8BC9CEB8-8B4A-11D0-8D11-00A0C91BC942}") = "10-3", "EX_10\10-3\10-3.vcxproj", "{89B9613E-A67C-48D7-AA49-3B147167F149}"
EndProject
Project("{8BC9CEB8-8B4A-11D0-8D11-00A0C91BC942}") = "10-4", "EX_10\10-4\10-4.vcxproj", "{22C14FAA-3FB9-4856-AD67-3A08B8BCA49E}"
EndProject
Project("{8BC9CEB8-8B4A-11D0-8D11-00A0C91BC942}") = "10-5", "EX_10\10-5\10-5.vcxproj", "{D826C06A-1DBF-48E4-8430-FF86E448782B}"
EndProject
Project("{8BC9CEB8-8B4A-11D0-8D11-00A0C91BC942}") = "10-6", "EX_10\10-6\10-6.vcxproj", "{B6E070CB-D644-4EFB-9523-0E56BA1210DF}"
EndProject
Project("{8BC9CEB8-8B4A-11D0-8D11-00A0C91BC942}") = "10-7", "EX_10\10-7\10-7.vcxproj", "{210727A3-9470-4857-90B9-AF0BBA7908E4}"
EndProject
Project("{2150E333-8FDC-42A3-9474-1A3956D46DE8}") = "EX_11", "EX_11", "{8E05A03E-12C7-4317-8BA1-AC91F6F49A80}"
EndProject
Project("{8BC9CEB8-8B4A-11D0-8D11-00A0C91BC942}") = "11-1", "EX_11\11-1\11-1.vcxproj", "{9980BA84-5245-4D1A-BCBA-7DED1C0CCFB4}"
EndProject
Project("{8BC9CEB8-8B4A-11D0-8D11-00A0C91BC942}") = "11-2", "EX_11\11-2\11-2.vcxproj", "{CACB5BF3-6048-4934-918A-196CB485875E}"
EndProject
Project("{8BC9CEB8-8B4A-11D0-8D11-00A0C91BC942}") = "11-3", "EX_11\11-3\11-3.vcxproj", "{14852D3D-4749-4C07-8BD7-F3384FEEA6E3}"
EndProject
Project("{8BC9CEB8-8B4A-11D0-8D11-00A0C91BC942}") = "11-4", "EX_11\11-4\11-4.vcxproj", "{980F8299-ECDF-4C10-86E0-547EDFE7585A}"
EndProject
Project("{8BC9CEB8-8B4A-11D0-8D11-00A0C91BC942}") = "11-5", "EX_11\11-5\11-5.vcxproj", "{87A46CFB-7F04-49CE-A69F-F99E517A0604}"
EndProject
Project("{8BC9CEB8-8B4A-11D0-8D11-00A0C91BC942}") = "11-6", "EX_11\11-6\11-6.vcxproj", "{1E36A9AF-F676-4C5D-8534-7DD0ED341492}"
EndProject
Project("{8BC9CEB8-8B4A-11D0-8D11-00A0C91BC942}") = "11-7", "EX_11\11-7\11-7.vcxproj", "{95C203C7-243D-4579-922E-6B68830AFDBA}"
EndProject
Project("{2150E333-8FDC-42A3-9474-1A3956D46DE8}") = "EX_12", "EX_12", "{676D3A73-47B1-49C4-9C42-72A551E245D3}"
EndProject
Project("{8BC9CEB8-8B4A-11D0-8D11-00A0C91BC942}") = "12-1", "EX_12\12-1\12-1.vcxproj", "{EF647D85-8C7B-4745-A8A1-E72A6C691C0A}"
EndProject
Project("{8BC9CEB8-8B4A-11D0-8D11-00A0C91BC942}") = "12-2", "EX_12\12-2\12-2.vcxproj", "{0CD08447-9606-4BD9-9291-CE3007F5D12A}"
EndProject
Project("{8BC9CEB8-8B4A-11D0-8D11-00A0C91BC942}") = "12-3", "EX_12\12-3\12-3.vcxproj", "{B7820F40-95CB-4759-9E0C-A8EA64DF1112}"
EndProject
Project("{8BC9CEB8-8B4A-11D0-8D11-00A0C91BC942}") = "12-4", "EX_12\12-4\12-4.vcxproj", "{3EC6B487-A345-4741-86B9-12279C7B01D1}"
EndProject
Project("{8BC9CEB8-8B4A-11D0-8D11-00A0C91BC942}") = "12-5", "EX_12\12-5\12-5.vcxproj", "{B743E344-944D-4D0F-881F-259C45DBBC69}"
EndProject
Project("{8BC9CEB8-8B4A-11D0-8D11-00A0C91BC942}") = "12-6", "EX_12\12-6\12-6.vcxproj", "{539B0330-29EE-4F15-B59C-68F4DE5F8B82}"
EndProject
Project("{8BC9CEB8-8B4A-11D0-8D11-00A0C91BC942}") = "12-7", "EX_12\12-7\12-7.vcxproj", "{4A90DC7A-15D0-4608-A484-BDD275933435}"
EndProject
Project("{8BC9CEB8-8B4A-11D0-8D11-00A0C91BC942}") = "12-8", "EX_12\12-8\12-8.vcxproj", "{45744622-2AC5-4898-9E8E-8D22FC79D1DA}"
EndProject
Project("{8BC9CEB8-8B4A-11D0-8D11-00A0C91BC942}") = "12-9", "EX_12\12-9\12-9.vcxproj", "{0FD7054D-0931-4089-BF7E-EEE07522AEE8}"
EndProject
Project("{8BC9CEB8-8B4A-11D0-8D11-00A0C91BC942}") = "12-10", "EX_12\12-10\12-10.vcxproj", "{F2EA865E-5DD1-49B8-B6F2-4BAAFDB1D3D6}"
EndProject
Project("{8BC9CEB8-8B4A-11D0-8D11-00A0C91BC942}") = "12-11", "EX_12\12-11\12-11.vcxproj", "{92079B39-7FEC-4A80-B058-F745E3ABDC19}"
EndProject
Project("{8BC9CEB8-8B4A-11D0-8D11-00A0C91BC942}") = "12-12", "EX_12\12-12\12-12.vcxproj", "{B0FC1BA9-E385-49B0-BC53-473480CFF675}"
EndProject
Project("{8BC9CEB8-8B4A-11D0-8D11-00A0C91BC942}") = "12-13", "EX_12\12-13\12-13.vcxproj", "{1DDB4360-F0B1-419F-8EEA-A24249B73890}"
EndProject
Project("{2150E333-8FDC-42A3-9474-1A3956D46DE8}") = "EX_13", "EX_13", "{E8E780FD-5027-46E5-AB14-07348592BC4D}"
EndProject
Project("{8BC9CEB8-8B4A-11D0-8D11-00A0C91BC942}") = "13-1", "EX_13\13-1\13-1.vcxproj", "{C8CA377A-6294-4489-9972-2524215B56E3}"
EndProject
Project("{8BC9CEB8-8B4A-11D0-8D11-00A0C91BC942}") = "13-2", "EX_13\13-2\13-2.vcxproj", "{B0C48028-2563-4C1A-A78D-C2C712E591C8}"
EndProject
Project("{8BC9CEB8-8B4A-11D0-8D11-00A0C91BC942}") = "13-3", "EX_13\13-3\13-3.vcxproj", "{E44063AE-72E9-4622-8A9C-3091B84D26AB}"
EndProject
Project("{8BC9CEB8-8B4A-11D0-8D11-00A0C91BC942}") = "13-4", "EX_13\13-4\13-4.vcxproj", "{2890870E-D987-4055-8DA6-1CD3965027B5}"
EndProject
Project("{8BC9CEB8-8B4A-11D0-8D11-00A0C91BC942}") = "13-5", "EX_13\13-5\13-5.vcxproj", "{ECFAB754-F638-4414-9FEB-3C880133F1BD}"
EndProject
Project("{8BC9CEB8-8B4A-11D0-8D11-00A0C91BC942}") = "13-6", "EX_13\13-6\13-6.vcxproj", "{9377501D-4BB5-4835-832C-43DAC34680DA}"
EndProject
Project("{8BC9CEB8-8B4A-11D0-8D11-00A0C91BC942}") = "13-7", "EX_13\13-7\13-7.vcxproj", "{9BFDFA7A-83EB-4B83-9355-8E8E9ABD0BC0}"
EndProject
Global
	GlobalSection(SolutionConfigurationPlatforms) = preSolution
		Debug|x64 = Debug|x64
		Debug|x86 = Debug|x86
		Release|x64 = Release|x64
		Release|x86 = Release|x86
	EndGlobalSection
	GlobalSection(ProjectConfigurationPlatforms) = postSolution
		{596D89D8-5578-4FFA-BEBF-1BB2468C13A4}.Debug|x64.ActiveCfg = Debug|x64
		{596D89D8-5578-4FFA-BEBF-1BB2468C13A4}.Debug|x64.Build.0 = Debug|x64
		{596D89D8-5578-4FFA-BEBF-1BB2468C13A4}.Debug|x86.ActiveCfg = Debug|Win32
		{596D89D8-5578-4FFA-BEBF-1BB2468C13A4}.Debug|x86.Build.0 = Debug|Win32
		{596D89D8-5578-4FFA-BEBF-1BB2468C13A4}.Release|x64.ActiveCfg = Release|x64
		{596D89D8-5578-4FFA-BEBF-1BB2468C13A4}.Release|x64.Build.0 = Release|x64
		{596D89D8-5578-4FFA-BEBF-1BB2468C13A4}.Release|x86.ActiveCfg = Release|Win32
		{596D89D8-5578-4FFA-BEBF-1BB2468C13A4}.Release|x86.Build.0 = Release|Win32
		{5B90A5BF-772B-42B8-93BC-019D9F8E02FC}.Debug|x64.ActiveCfg = Debug|x64
		{5B90A5BF-772B-42B8-93BC-019D9F8E02FC}.Debug|x64.Build.0 = Debug|x64
		{5B90A5BF-772B-42B8-93BC-019D9F8E02FC}.Debug|x86.ActiveCfg = Debug|Win32
		{5B90A5BF-772B-42B8-93BC-019D9F8E02FC}.Debug|x86.Build.0 = Debug|Win32
		{5B90A5BF-772B-42B8-93BC-019D9F8E02FC}.Release|x64.ActiveCfg = Release|x64
		{5B90A5BF-772B-42B8-93BC-019D9F8E02FC}.Release|x64.Build.0 = Release|x64
		{5B90A5BF-772B-42B8-93BC-019D9F8E02FC}.Release|x86.ActiveCfg = Release|Win32
		{5B90A5BF-772B-42B8-93BC-019D9F8E02FC}.Release|x86.Build.0 = Release|Win32
		{F414A0BE-3A20-48BB-B23C-CE79FF9573AB}.Debug|x64.ActiveCfg = Debug|x64
		{F414A0BE-3A20-48BB-B23C-CE79FF9573AB}.Debug|x64.Build.0 = Debug|x64
		{F414A0BE-3A20-48BB-B23C-CE79FF9573AB}.Debug|x86.ActiveCfg = Debug|Win32
		{F414A0BE-3A20-48BB-B23C-CE79FF9573AB}.Debug|x86.Build.0 = Debug|Win32
		{F414A0BE-3A20-48BB-B23C-CE79FF9573AB}.Release|x64.ActiveCfg = Release|x64
		{F414A0BE-3A20-48BB-B23C-CE79FF9573AB}.Release|x64.Build.0 = Release|x64
		{F414A0BE-3A20-48BB-B23C-CE79FF9573AB}.Release|x86.ActiveCfg = Release|Win32
		{F414A0BE-3A20-48BB-B23C-CE79FF9573AB}.Release|x86.Build.0 = Release|Win32
		{F634A8AD-4C44-4E4F-BC80-8CAB14C796BE}.Debug|x64.ActiveCfg = Debug|x64
		{F634A8AD-4C44-4E4F-BC80-8CAB14C796BE}.Debug|x64.Build.0 = Debug|x64
		{F634A8AD-4C44-4E4F-BC80-8CAB14C796BE}.Debug|x86.ActiveCfg = Debug|Win32
		{F634A8AD-4C44-4E4F-BC80-8CAB14C796BE}.Debug|x86.Build.0 = Debug|Win32
		{F634A8AD-4C44-4E4F-BC80-8CAB14C796BE}.Release|x64.ActiveCfg = Release|x64
		{F634A8AD-4C44-4E4F-BC80-8CAB14C796BE}.Release|x64.Build.0 = Release|x64
		{F634A8AD-4C44-4E4F-BC80-8CAB14C796BE}.Release|x86.ActiveCfg = Release|Win32
		{F634A8AD-4C44-4E4F-BC80-8CAB14C796BE}.Release|x86.Build.0 = Release|Win32
		{67C2D21E-4568-4B67-905D-CD75759A6298}.Debug|x64.ActiveCfg = Debug|x64
		{67C2D21E-4568-4B67-905D-CD75759A6298}.Debug|x64.Build.0 = Debug|x64
		{67C2D21E-4568-4B67-905D-CD75759A6298}.Debug|x86.ActiveCfg = Debug|Win32
		{67C2D21E-4568-4B67-905D-CD75759A6298}.Debug|x86.Build.0 = Debug|Win32
		{67C2D21E-4568-4B67-905D-CD75759A6298}.Release|x64.ActiveCfg = Release|x64
		{67C2D21E-4568-4B67-905D-CD75759A6298}.Release|x64.Build.0 = Release|x64
		{67C2D21E-4568-4B67-905D-CD75759A6298}.Release|x86.ActiveCfg = Release|Win32
		{67C2D21E-4568-4B67-905D-CD75759A6298}.Release|x86.Build.0 = Release|Win32
		{2DC7C2A4-4071-4CC8-9D21-1DB52AC26CC8}.Debug|x64.ActiveCfg = Debug|x64
		{2DC7C2A4-4071-4CC8-9D21-1DB52AC26CC8}.Debug|x64.Build.0 = Debug|x64
		{2DC7C2A4-4071-4CC8-9D21-1DB52AC26CC8}.Debug|x86.ActiveCfg = Debug|Win32
		{2DC7C2A4-4071-4CC8-9D21-1DB52AC26CC8}.Debug|x86.Build.0 = Debug|Win32
		{2DC7C2A4-4071-4CC8-9D21-1DB52AC26CC8}.Release|x64.ActiveCfg = Release|x64
		{2DC7C2A4-4071-4CC8-9D21-1DB52AC26CC8}.Release|x64.Build.0 = Release|x64
		{2DC7C2A4-4071-4CC8-9D21-1DB52AC26CC8}.Release|x86.ActiveCfg = Release|Win32
		{2DC7C2A4-4071-4CC8-9D21-1DB52AC26CC8}.Release|x86.Build.0 = Release|Win32
		{80CB99C8-4670-49DD-BD9E-582FD9977722}.Debug|x64.ActiveCfg = Debug|x64
		{80CB99C8-4670-49DD-BD9E-582FD9977722}.Debug|x64.Build.0 = Debug|x64
		{80CB99C8-4670-49DD-BD9E-582FD9977722}.Debug|x86.ActiveCfg = Debug|Win32
		{80CB99C8-4670-49DD-BD9E-582FD9977722}.Debug|x86.Build.0 = Debug|Win32
		{80CB99C8-4670-49DD-BD9E-582FD9977722}.Release|x64.ActiveCfg = Release|x64
		{80CB99C8-4670-49DD-BD9E-582FD9977722}.Release|x64.Build.0 = Release|x64
		{80CB99C8-4670-49DD-BD9E-582FD9977722}.Release|x86.ActiveCfg = Release|Win32
		{80CB99C8-4670-49DD-BD9E-582FD9977722}.Release|x86.Build.0 = Release|Win32
		{CB5FC4F7-C419-4B0D-AADF-2DB32BAA07AF}.Debug|x64.ActiveCfg = Debug|x64
		{CB5FC4F7-C419-4B0D-AADF-2DB32BAA07AF}.Debug|x64.Build.0 = Debug|x64
		{CB5FC4F7-C419-4B0D-AADF-2DB32BAA07AF}.Debug|x86.ActiveCfg = Debug|Win32
		{CB5FC4F7-C419-4B0D-AADF-2DB32BAA07AF}.Debug|x86.Build.0 = Debug|Win32
		{CB5FC4F7-C419-4B0D-AADF-2DB32BAA07AF}.Release|x64.ActiveCfg = Release|x64
		{CB5FC4F7-C419-4B0D-AADF-2DB32BAA07AF}.Release|x64.Build.0 = Release|x64
		{CB5FC4F7-C419-4B0D-AADF-2DB32BAA07AF}.Release|x86.ActiveCfg = Release|Win32
		{CB5FC4F7-C419-4B0D-AADF-2DB32BAA07AF}.Release|x86.Build.0 = Release|Win32
		{011D7A35-9492-4BCE-B16E-7750F6DB3E6E}.Debug|x64.ActiveCfg = Debug|x64
		{011D7A35-9492-4BCE-B16E-7750F6DB3E6E}.Debug|x64.Build.0 = Debug|x64
		{011D7A35-9492-4BCE-B16E-7750F6DB3E6E}.Debug|x86.ActiveCfg = Debug|Win32
		{011D7A35-9492-4BCE-B16E-7750F6DB3E6E}.Debug|x86.Build.0 = Debug|Win32
		{011D7A35-9492-4BCE-B16E-7750F6DB3E6E}.Release|x64.ActiveCfg = Release|x64
		{011D7A35-9492-4BCE-B16E-7750F6DB3E6E}.Release|x64.Build.0 = Release|x64
		{011D7A35-9492-4BCE-B16E-7750F6DB3E6E}.Release|x86.ActiveCfg = Release|Win32
		{011D7A35-9492-4BCE-B16E-7750F6DB3E6E}.Release|x86.Build.0 = Release|Win32
		{6A1E1BEA-EF3E-413C-B8B4-75245E82369B}.Debug|x64.ActiveCfg = Debug|x64
		{6A1E1BEA-EF3E-413C-B8B4-75245E82369B}.Debug|x64.Build.0 = Debug|x64
		{6A1E1BEA-EF3E-413C-B8B4-75245E82369B}.Debug|x86.ActiveCfg = Debug|Win32
		{6A1E1BEA-EF3E-413C-B8B4-75245E82369B}.Debug|x86.Build.0 = Debug|Win32
		{6A1E1BEA-EF3E-413C-B8B4-75245E82369B}.Release|x64.ActiveCfg = Release|x64
		{6A1E1BEA-EF3E-413C-B8B4-75245E82369B}.Release|x64.Build.0 = Release|x64
		{6A1E1BEA-EF3E-413C-B8B4-75245E82369B}.Release|x86.ActiveCfg = Release|Win32
		{6A1E1BEA-EF3E-413C-B8B4-75245E82369B}.Release|x86.Build.0 = Release|Win32
		{0805AC34-E259-446E-BC81-615A0B29FF1C}.Debug|x64.ActiveCfg = Debug|x64
		{0805AC34-E259-446E-BC81-615A0B29FF1C}.Debug|x64.Build.0 = Debug|x64
		{0805AC34-E259-446E-BC81-615A0B29FF1C}.Debug|x86.ActiveCfg = Debug|Win32
		{0805AC34-E259-446E-BC81-615A0B29FF1C}.Debug|x86.Build.0 = Debug|Win32
		{0805AC34-E259-446E-BC81-615A0B29FF1C}.Release|x64.ActiveCfg = Release|x64
		{0805AC34-E259-446E-BC81-615A0B29FF1C}.Release|x64.Build.0 = Release|x64
		{0805AC34-E259-446E-BC81-615A0B29FF1C}.Release|x86.ActiveCfg = Release|Win32
		{0805AC34-E259-446E-BC81-615A0B29FF1C}.Release|x86.Build.0 = Release|Win32
		{25FE87A3-260D-40AC-B83E-D7E15BB53167}.Debug|x64.ActiveCfg = Debug|x64
		{25FE87A3-260D-40AC-B83E-D7E15BB53167}.Debug|x64.Build.0 = Debug|x64
		{25FE87A3-260D-40AC-B83E-D7E15BB53167}.Debug|x86.ActiveCfg = Debug|Win32
		{25FE87A3-260D-40AC-B83E-D7E15BB53167}.Debug|x86.Build.0 = Debug|Win32
		{25FE87A3-260D-40AC-B83E-D7E15BB53167}.Release|x64.ActiveCfg = Release|x64
		{25FE87A3-260D-40AC-B83E-D7E15BB53167}.Release|x64.Build.0 = Release|x64
		{25FE87A3-260D-40AC-B83E-D7E15BB53167}.Release|x86.ActiveCfg = Release|Win32
		{25FE87A3-260D-40AC-B83E-D7E15BB53167}.Release|x86.Build.0 = Release|Win32
		{3412A399-15BA-416C-87C4-1639F77C2243}.Debug|x64.ActiveCfg = Debug|x64
		{3412A399-15BA-416C-87C4-1639F77C2243}.Debug|x64.Build.0 = Debug|x64
		{3412A399-15BA-416C-87C4-1639F77C2243}.Debug|x86.ActiveCfg = Debug|Win32
		{3412A399-15BA-416C-87C4-1639F77C2243}.Debug|x86.Build.0 = Debug|Win32
		{3412A399-15BA-416C-87C4-1639F77C2243}.Release|x64.ActiveCfg = Release|x64
		{3412A399-15BA-416C-87C4-1639F77C2243}.Release|x64.Build.0 = Release|x64
		{3412A399-15BA-416C-87C4-1639F77C2243}.Release|x86.ActiveCfg = Release|Win32
		{3412A399-15BA-416C-87C4-1639F77C2243}.Release|x86.Build.0 = Release|Win32
		{E25A415F-D511-4A02-B266-2A3A5CCA45E6}.Debug|x64.ActiveCfg = Debug|x64
		{E25A415F-D511-4A02-B266-2A3A5CCA45E6}.Debug|x64.Build.0 = Debug|x64
		{E25A415F-D511-4A02-B266-2A3A5CCA45E6}.Debug|x86.ActiveCfg = Debug|Win32
		{E25A415F-D511-4A02-B266-2A3A5CCA45E6}.Debug|x86.Build.0 = Debug|Win32
		{E25A415F-D511-4A02-B266-2A3A5CCA45E6}.Release|x64.ActiveCfg = Release|x64
		{E25A415F-D511-4A02-B266-2A3A5CCA45E6}.Release|x64.Build.0 = Release|x64
		{E25A415F-D511-4A02-B266-2A3A5CCA45E6}.Release|x86.ActiveCfg = Release|Win32
		{E25A415F-D511-4A02-B266-2A3A5CCA45E6}.Release|x86.Build.0 = Release|Win32
		{802E3977-E534-4548-BA38-8142DAADD694}.Debug|x64.ActiveCfg = Debug|x64
		{802E3977-E534-4548-BA38-8142DAADD694}.Debug|x64.Build.0 = Debug|x64
		{802E3977-E534-4548-BA38-8142DAADD694}.Debug|x86.ActiveCfg = Debug|Win32
		{802E3977-E534-4548-BA38-8142DAADD694}.Debug|x86.Build.0 = Debug|Win32
		{802E3977-E534-4548-BA38-8142DAADD694}.Release|x64.ActiveCfg = Release|x64
		{802E3977-E534-4548-BA38-8142DAADD694}.Release|x64.Build.0 = Release|x64
		{802E3977-E534-4548-BA38-8142DAADD694}.Release|x86.ActiveCfg = Release|Win32
		{802E3977-E534-4548-BA38-8142DAADD694}.Release|x86.Build.0 = Release|Win32
		{B957CB33-5B2F-4276-89B1-7BC36700E1B3}.Debug|x64.ActiveCfg = Debug|x64
		{B957CB33-5B2F-4276-89B1-7BC36700E1B3}.Debug|x64.Build.0 = Debug|x64
		{B957CB33-5B2F-4276-89B1-7BC36700E1B3}.Debug|x86.ActiveCfg = Debug|Win32
		{B957CB33-5B2F-4276-89B1-7BC36700E1B3}.Debug|x86.Build.0 = Debug|Win32
		{B957CB33-5B2F-4276-89B1-7BC36700E1B3}.Release|x64.ActiveCfg = Release|x64
		{B957CB33-5B2F-4276-89B1-7BC36700E1B3}.Release|x64.Build.0 = Release|x64
		{B957CB33-5B2F-4276-89B1-7BC36700E1B3}.Release|x86.ActiveCfg = Release|Win32
		{B957CB33-5B2F-4276-89B1-7BC36700E1B3}.Release|x86.Build.0 = Release|Win32
		{74A35723-6863-4619-807E-DC3C7A0BF314}.Debug|x64.ActiveCfg = Debug|x64
		{74A35723-6863-4619-807E-DC3C7A0BF314}.Debug|x64.Build.0 = Debug|x64
		{74A35723-6863-4619-807E-DC3C7A0BF314}.Debug|x86.ActiveCfg = Debug|Win32
		{74A35723-6863-4619-807E-DC3C7A0BF314}.Debug|x86.Build.0 = Debug|Win32
		{74A35723-6863-4619-807E-DC3C7A0BF314}.Release|x64.ActiveCfg = Release|x64
		{74A35723-6863-4619-807E-DC3C7A0BF314}.Release|x64.Build.0 = Release|x64
		{74A35723-6863-4619-807E-DC3C7A0BF314}.Release|x86.ActiveCfg = Release|Win32
		{74A35723-6863-4619-807E-DC3C7A0BF314}.Release|x86.Build.0 = Release|Win32
		{292EF0B6-846D-4BC5-83F6-1F2E5E5B5ACC}.Debug|x64.ActiveCfg = Debug|x64
		{292EF0B6-846D-4BC5-83F6-1F2E5E5B5ACC}.Debug|x64.Build.0 = Debug|x64
		{292EF0B6-846D-4BC5-83F6-1F2E5E5B5ACC}.Debug|x86.ActiveCfg = Debug|Win32
		{292EF0B6-846D-4BC5-83F6-1F2E5E5B5ACC}.Debug|x86.Build.0 = Debug|Win32
		{292EF0B6-846D-4BC5-83F6-1F2E5E5B5ACC}.Release|x64.ActiveCfg = Release|x64
		{292EF0B6-846D-4BC5-83F6-1F2E5E5B5ACC}.Release|x64.Build.0 = Release|x64
		{292EF0B6-846D-4BC5-83F6-1F2E5E5B5ACC}.Release|x86.ActiveCfg = Release|Win32
		{292EF0B6-846D-4BC5-83F6-1F2E5E5B5ACC}.Release|x86.Build.0 = Release|Win32
		{29550BE7-25FD-418C-B545-912D3A5A3DAA}.Debug|x64.ActiveCfg = Debug|x64
		{29550BE7-25FD-418C-B545-912D3A5A3DAA}.Debug|x64.Build.0 = Debug|x64
		{29550BE7-25FD-418C-B545-912D3A5A3DAA}.Debug|x86.ActiveCfg = Debug|Win32
		{29550BE7-25FD-418C-B545-912D3A5A3DAA}.Debug|x86.Build.0 = Debug|Win32
		{29550BE7-25FD-418C-B545-912D3A5A3DAA}.Release|x64.ActiveCfg = Release|x64
		{29550BE7-25FD-418C-B545-912D3A5A3DAA}.Release|x64.Build.0 = Release|x64
		{29550BE7-25FD-418C-B545-912D3A5A3DAA}.Release|x86.ActiveCfg = Release|Win32
		{29550BE7-25FD-418C-B545-912D3A5A3DAA}.Release|x86.Build.0 = Release|Win32
		{213CBD49-6553-486C-9002-CB3319EA8AE9}.Debug|x64.ActiveCfg = Debug|x64
		{213CBD49-6553-486C-9002-CB3319EA8AE9}.Debug|x64.Build.0 = Debug|x64
		{213CBD49-6553-486C-9002-CB3319EA8AE9}.Debug|x86.ActiveCfg = Debug|Win32
		{213CBD49-6553-486C-9002-CB3319EA8AE9}.Debug|x86.Build.0 = Debug|Win32
		{213CBD49-6553-486C-9002-CB3319EA8AE9}.Release|x64.ActiveCfg = Release|x64
		{213CBD49-6553-486C-9002-CB3319EA8AE9}.Release|x64.Build.0 = Release|x64
		{213CBD49-6553-486C-9002-CB3319EA8AE9}.Release|x86.ActiveCfg = Release|Win32
		{213CBD49-6553-486C-9002-CB3319EA8AE9}.Release|x86.Build.0 = Release|Win32
		{8B8C5933-93EB-4070-BC02-A967E59102B5}.Debug|x64.ActiveCfg = Debug|x64
		{8B8C5933-93EB-4070-BC02-A967E59102B5}.Debug|x64.Build.0 = Debug|x64
		{8B8C5933-93EB-4070-BC02-A967E59102B5}.Debug|x86.ActiveCfg = Debug|Win32
		{8B8C5933-93EB-4070-BC02-A967E59102B5}.Debug|x86.Build.0 = Debug|Win32
		{8B8C5933-93EB-4070-BC02-A967E59102B5}.Release|x64.ActiveCfg = Release|x64
		{8B8C5933-93EB-4070-BC02-A967E59102B5}.Release|x64.Build.0 = Release|x64
		{8B8C5933-93EB-4070-BC02-A967E59102B5}.Release|x86.ActiveCfg = Release|Win32
		{8B8C5933-93EB-4070-BC02-A967E59102B5}.Release|x86.Build.0 = Release|Win32
		{819756CA-6FAC-41AA-B26D-40B9F52A90FF}.Debug|x64.ActiveCfg = Debug|x64
		{819756CA-6FAC-41AA-B26D-40B9F52A90FF}.Debug|x64.Build.0 = Debug|x64
		{819756CA-6FAC-41AA-B26D-40B9F52A90FF}.Debug|x86.ActiveCfg = Debug|Win32
		{819756CA-6FAC-41AA-B26D-40B9F52A90FF}.Debug|x86.Build.0 = Debug|Win32
		{819756CA-6FAC-41AA-B26D-40B9F52A90FF}.Release|x64.ActiveCfg = Release|x64
		{819756CA-6FAC-41AA-B26D-40B9F52A90FF}.Release|x64.Build.0 = Release|x64
		{819756CA-6FAC-41AA-B26D-40B9F52A90FF}.Release|x86.ActiveCfg = Release|Win32
		{819756CA-6FAC-41AA-B26D-40B9F52A90FF}.Release|x86.Build.0 = Release|Win32
		{66E9460C-5DCC-4B75-ACC2-C784C95338C2}.Debug|x64.ActiveCfg = Debug|x64
		{66E9460C-5DCC-4B75-ACC2-C784C95338C2}.Debug|x64.Build.0 = Debug|x64
		{66E9460C-5DCC-4B75-ACC2-C784C95338C2}.Debug|x86.ActiveCfg = Debug|Win32
		{66E9460C-5DCC-4B75-ACC2-C784C95338C2}.Debug|x86.Build.0 = Debug|Win32
		{66E9460C-5DCC-4B75-ACC2-C784C95338C2}.Release|x64.ActiveCfg = Release|x64
		{66E9460C-5DCC-4B75-ACC2-C784C95338C2}.Release|x64.Build.0 = Release|x64
		{66E9460C-5DCC-4B75-ACC2-C784C95338C2}.Release|x86.ActiveCfg = Release|Win32
		{66E9460C-5DCC-4B75-ACC2-C784C95338C2}.Release|x86.Build.0 = Release|Win32
		{20E5442F-2854-49C4-99B3-4A58209776BA}.Debug|x64.ActiveCfg = Debug|x64
		{20E5442F-2854-49C4-99B3-4A58209776BA}.Debug|x64.Build.0 = Debug|x64
		{20E5442F-2854-49C4-99B3-4A58209776BA}.Debug|x86.ActiveCfg = Debug|Win32
		{20E5442F-2854-49C4-99B3-4A58209776BA}.Debug|x86.Build.0 = Debug|Win32
		{20E5442F-2854-49C4-99B3-4A58209776BA}.Release|x64.ActiveCfg = Release|x64
		{20E5442F-2854-49C4-99B3-4A58209776BA}.Release|x64.Build.0 = Release|x64
		{20E5442F-2854-49C4-99B3-4A58209776BA}.Release|x86.ActiveCfg = Release|Win32
		{20E5442F-2854-49C4-99B3-4A58209776BA}.Release|x86.Build.0 = Release|Win32
		{F65999A4-5ABB-4808-AFEE-C81DBDB23402}.Debug|x64.ActiveCfg = Debug|x64
		{F65999A4-5ABB-4808-AFEE-C81DBDB23402}.Debug|x64.Build.0 = Debug|x64
		{F65999A4-5ABB-4808-AFEE-C81DBDB23402}.Debug|x86.ActiveCfg = Debug|Win32
		{F65999A4-5ABB-4808-AFEE-C81DBDB23402}.Debug|x86.Build.0 = Debug|Win32
		{F65999A4-5ABB-4808-AFEE-C81DBDB23402}.Release|x64.ActiveCfg = Release|x64
		{F65999A4-5ABB-4808-AFEE-C81DBDB23402}.Release|x64.Build.0 = Release|x64
		{F65999A4-5ABB-4808-AFEE-C81DBDB23402}.Release|x86.ActiveCfg = Release|Win32
		{F65999A4-5ABB-4808-AFEE-C81DBDB23402}.Release|x86.Build.0 = Release|Win32
		{B2CAA6A4-842B-4C3D-8091-E28E72D9B331}.Debug|x64.ActiveCfg = Debug|x64
		{B2CAA6A4-842B-4C3D-8091-E28E72D9B331}.Debug|x64.Build.0 = Debug|x64
		{B2CAA6A4-842B-4C3D-8091-E28E72D9B331}.Debug|x86.ActiveCfg = Debug|Win32
		{B2CAA6A4-842B-4C3D-8091-E28E72D9B331}.Debug|x86.Build.0 = Debug|Win32
		{B2CAA6A4-842B-4C3D-8091-E28E72D9B331}.Release|x64.ActiveCfg = Release|x64
		{B2CAA6A4-842B-4C3D-8091-E28E72D9B331}.Release|x64.Build.0 = Release|x64
		{B2CAA6A4-842B-4C3D-8091-E28E72D9B331}.Release|x86.ActiveCfg = Release|Win32
		{B2CAA6A4-842B-4C3D-8091-E28E72D9B331}.Release|x86.Build.0 = Release|Win32
		{2BD17CC5-1B65-4901-8C3A-CECF7CBC76BB}.Debug|x64.ActiveCfg = Debug|x64
		{2BD17CC5-1B65-4901-8C3A-CECF7CBC76BB}.Debug|x64.Build.0 = Debug|x64
		{2BD17CC5-1B65-4901-8C3A-CECF7CBC76BB}.Debug|x86.ActiveCfg = Debug|Win32
		{2BD17CC5-1B65-4901-8C3A-CECF7CBC76BB}.Debug|x86.Build.0 = Debug|Win32
		{2BD17CC5-1B65-4901-8C3A-CECF7CBC76BB}.Release|x64.ActiveCfg = Release|x64
		{2BD17CC5-1B65-4901-8C3A-CECF7CBC76BB}.Release|x64.Build.0 = Release|x64
		{2BD17CC5-1B65-4901-8C3A-CECF7CBC76BB}.Release|x86.ActiveCfg = Release|Win32
		{2BD17CC5-1B65-4901-8C3A-CECF7CBC76BB}.Release|x86.Build.0 = Release|Win32
		{1D1C2106-A627-4E55-816F-E98EE49411F3}.Debug|x64.ActiveCfg = Debug|x64
		{1D1C2106-A627-4E55-816F-E98EE49411F3}.Debug|x64.Build.0 = Debug|x64
		{1D1C2106-A627-4E55-816F-E98EE49411F3}.Debug|x86.ActiveCfg = Debug|Win32
		{1D1C2106-A627-4E55-816F-E98EE49411F3}.Debug|x86.Build.0 = Debug|Win32
		{1D1C2106-A627-4E55-816F-E98EE49411F3}.Release|x64.ActiveCfg = Release|x64
		{1D1C2106-A627-4E55-816F-E98EE49411F3}.Release|x64.Build.0 = Release|x64
		{1D1C2106-A627-4E55-816F-E98EE49411F3}.Release|x86.ActiveCfg = Release|Win32
		{1D1C2106-A627-4E55-816F-E98EE49411F3}.Release|x86.Build.0 = Release|Win32
		{D4B7A7A5-E224-4A12-BA9A-C0ECC5BC6003}.Debug|x64.ActiveCfg = Debug|x64
		{D4B7A7A5-E224-4A12-BA9A-C0ECC5BC6003}.Debug|x64.Build.0 = Debug|x64
		{D4B7A7A5-E224-4A12-BA9A-C0ECC5BC6003}.Debug|x86.ActiveCfg = Debug|Win32
		{D4B7A7A5-E224-4A12-BA9A-C0ECC5BC6003}.Debug|x86.Build.0 = Debug|Win32
		{D4B7A7A5-E224-4A12-BA9A-C0ECC5BC6003}.Release|x64.ActiveCfg = Release|x64
		{D4B7A7A5-E224-4A12-BA9A-C0ECC5BC6003}.Release|x64.Build.0 = Release|x64
		{D4B7A7A5-E224-4A12-BA9A-C0ECC5BC6003}.Release|x86.ActiveCfg = Release|Win32
		{D4B7A7A5-E224-4A12-BA9A-C0ECC5BC6003}.Release|x86.Build.0 = Release|Win32
		{C061AF0B-F516-4F5B-B8A9-74CAD4B9BDC1}.Debug|x64.ActiveCfg = Debug|x64
		{C061AF0B-F516-4F5B-B8A9-74CAD4B9BDC1}.Debug|x64.Build.0 = Debug|x64
		{C061AF0B-F516-4F5B-B8A9-74CAD4B9BDC1}.Debug|x86.ActiveCfg = Debug|Win32
		{C061AF0B-F516-4F5B-B8A9-74CAD4B9BDC1}.Debug|x86.Build.0 = Debug|Win32
		{C061AF0B-F516-4F5B-B8A9-74CAD4B9BDC1}.Release|x64.ActiveCfg = Release|x64
		{C061AF0B-F516-4F5B-B8A9-74CAD4B9BDC1}.Release|x64.Build.0 = Release|x64
		{C061AF0B-F516-4F5B-B8A9-74CAD4B9BDC1}.Release|x86.ActiveCfg = Release|Win32
		{C061AF0B-F516-4F5B-B8A9-74CAD4B9BDC1}.Release|x86.Build.0 = Release|Win32
		{75A6CD9E-A599-483E-9B98-F003D879407C}.Debug|x64.ActiveCfg = Debug|x64
		{75A6CD9E-A599-483E-9B98-F003D879407C}.Debug|x64.Build.0 = Debug|x64
		{75A6CD9E-A599-483E-9B98-F003D879407C}.Debug|x86.ActiveCfg = Debug|Win32
		{75A6CD9E-A599-483E-9B98-F003D879407C}.Debug|x86.Build.0 = Debug|Win32
		{75A6CD9E-A599-483E-9B98-F003D879407C}.Release|x64.ActiveCfg = Release|x64
		{75A6CD9E-A599-483E-9B98-F003D879407C}.Release|x64.Build.0 = Release|x64
		{75A6CD9E-A599-483E-9B98-F003D879407C}.Release|x86.ActiveCfg = Release|Win32
		{75A6CD9E-A599-483E-9B98-F003D879407C}.Release|x86.Build.0 = Release|Win32
		{9B312390-0901-4649-9F2C-E7344EB01A1C}.Debug|x64.ActiveCfg = Debug|x64
		{9B312390-0901-4649-9F2C-E7344EB01A1C}.Debug|x64.Build.0 = Debug|x64
		{9B312390-0901-4649-9F2C-E7344EB01A1C}.Debug|x86.ActiveCfg = Debug|Win32
		{9B312390-0901-4649-9F2C-E7344EB01A1C}.Debug|x86.Build.0 = Debug|Win32
		{9B312390-0901-4649-9F2C-E7344EB01A1C}.Release|x64.ActiveCfg = Release|x64
		{9B312390-0901-4649-9F2C-E7344EB01A1C}.Release|x64.Build.0 = Release|x64
		{9B312390-0901-4649-9F2C-E7344EB01A1C}.Release|x86.ActiveCfg = Release|Win32
		{9B312390-0901-4649-9F2C-E7344EB01A1C}.Release|x86.Build.0 = Release|Win32
		{C6CB26CB-452C-4394-87BA-4E56D7F2499F}.Debug|x64.ActiveCfg = Debug|x64
		{C6CB26CB-452C-4394-87BA-4E56D7F2499F}.Debug|x64.Build.0 = Debug|x64
		{C6CB26CB-452C-4394-87BA-4E56D7F2499F}.Debug|x86.ActiveCfg = Debug|Win32
		{C6CB26CB-452C-4394-87BA-4E56D7F2499F}.Debug|x86.Build.0 = Debug|Win32
		{C6CB26CB-452C-4394-87BA-4E56D7F2499F}.Release|x64.ActiveCfg = Release|x64
		{C6CB26CB-452C-4394-87BA-4E56D7F2499F}.Release|x64.Build.0 = Release|x64
		{C6CB26CB-452C-4394-87BA-4E56D7F2499F}.Release|x86.ActiveCfg = Release|Win32
		{C6CB26CB-452C-4394-87BA-4E56D7F2499F}.Release|x86.Build.0 = Release|Win32
		{2C0BAB2C-D15A-423F-89CF-030625927942}.Debug|x64.ActiveCfg = Debug|x64
		{2C0BAB2C-D15A-423F-89CF-030625927942}.Debug|x64.Build.0 = Debug|x64
		{2C0BAB2C-D15A-423F-89CF-030625927942}.Debug|x86.ActiveCfg = Debug|Win32
		{2C0BAB2C-D15A-423F-89CF-030625927942}.Debug|x86.Build.0 = Debug|Win32
		{2C0BAB2C-D15A-423F-89CF-030625927942}.Release|x64.ActiveCfg = Release|x64
		{2C0BAB2C-D15A-423F-89CF-030625927942}.Release|x64.Build.0 = Release|x64
		{2C0BAB2C-D15A-423F-89CF-030625927942}.Release|x86.ActiveCfg = Release|Win32
		{2C0BAB2C-D15A-423F-89CF-030625927942}.Release|x86.Build.0 = Release|Win32
		{A8B40504-4484-4DBA-9472-249E7C19834B}.Debug|x64.ActiveCfg = Debug|x64
		{A8B40504-4484-4DBA-9472-249E7C19834B}.Debug|x64.Build.0 = Debug|x64
		{A8B40504-4484-4DBA-9472-249E7C19834B}.Debug|x86.ActiveCfg = Debug|Win32
		{A8B40504-4484-4DBA-9472-249E7C19834B}.Debug|x86.Build.0 = Debug|Win32
		{A8B40504-4484-4DBA-9472-249E7C19834B}.Release|x64.ActiveCfg = Release|x64
		{A8B40504-4484-4DBA-9472-249E7C19834B}.Release|x64.Build.0 = Release|x64
		{A8B40504-4484-4DBA-9472-249E7C19834B}.Release|x86.ActiveCfg = Release|Win32
		{A8B40504-4484-4DBA-9472-249E7C19834B}.Release|x86.Build.0 = Release|Win32
		{20C4A168-3315-419B-BD36-EFEE90A655D0}.Debug|x64.ActiveCfg = Debug|x64
		{20C4A168-3315-419B-BD36-EFEE90A655D0}.Debug|x64.Build.0 = Debug|x64
		{20C4A168-3315-419B-BD36-EFEE90A655D0}.Debug|x86.ActiveCfg = Debug|Win32
		{20C4A168-3315-419B-BD36-EFEE90A655D0}.Debug|x86.Build.0 = Debug|Win32
		{20C4A168-3315-419B-BD36-EFEE90A655D0}.Release|x64.ActiveCfg = Release|x64
		{20C4A168-3315-419B-BD36-EFEE90A655D0}.Release|x64.Build.0 = Release|x64
		{20C4A168-3315-419B-BD36-EFEE90A655D0}.Release|x86.ActiveCfg = Release|Win32
		{20C4A168-3315-419B-BD36-EFEE90A655D0}.Release|x86.Build.0 = Release|Win32
		{70E5BDB9-4D5E-4676-A3B4-70015AC7DAD8}.Debug|x64.ActiveCfg = Debug|x64
		{70E5BDB9-4D5E-4676-A3B4-70015AC7DAD8}.Debug|x64.Build.0 = Debug|x64
		{70E5BDB9-4D5E-4676-A3B4-70015AC7DAD8}.Debug|x86.ActiveCfg = Debug|Win32
		{70E5BDB9-4D5E-4676-A3B4-70015AC7DAD8}.Debug|x86.Build.0 = Debug|Win32
		{70E5BDB9-4D5E-4676-A3B4-70015AC7DAD8}.Release|x64.ActiveCfg = Release|x64
		{70E5BDB9-4D5E-4676-A3B4-70015AC7DAD8}.Release|x64.Build.0 = Release|x64
		{70E5BDB9-4D5E-4676-A3B4-70015AC7DAD8}.Release|x86.ActiveCfg = Release|Win32
		{70E5BDB9-4D5E-4676-A3B4-70015AC7DAD8}.Release|x86.Build.0 = Release|Win32
		{9B56FC6D-C76F-4E0F-B9F3-BBD8558C0DB3}.Debug|x64.ActiveCfg = Debug|x64
		{9B56FC6D-C76F-4E0F-B9F3-BBD8558C0DB3}.Debug|x64.Build.0 = Debug|x64
		{9B56FC6D-C76F-4E0F-B9F3-BBD8558C0DB3}.Debug|x86.ActiveCfg = Debug|Win32
		{9B56FC6D-C76F-4E0F-B9F3-BBD8558C0DB3}.Debug|x86.Build.0 = Debug|Win32
		{9B56FC6D-C76F-4E0F-B9F3-BBD8558C0DB3}.Release|x64.ActiveCfg = Release|x64
		{9B56FC6D-C76F-4E0F-B9F3-BBD8558C0DB3}.Release|x64.Build.0 = Release|x64
		{9B56FC6D-C76F-4E0F-B9F3-BBD8558C0DB3}.Release|x86.ActiveCfg = Release|Win32
		{9B56FC6D-C76F-4E0F-B9F3-BBD8558C0DB3}.Release|x86.Build.0 = Release|Win32
		{E4901BB1-C99F-49E2-92E3-76CD9A41EB86}.Debug|x64.ActiveCfg = Debug|x64
		{E4901BB1-C99F-49E2-92E3-76CD9A41EB86}.Debug|x64.Build.0 = Debug|x64
		{E4901BB1-C99F-49E2-92E3-76CD9A41EB86}.Debug|x86.ActiveCfg = Debug|Win32
		{E4901BB1-C99F-49E2-92E3-76CD9A41EB86}.Debug|x86.Build.0 = Debug|Win32
		{E4901BB1-C99F-49E2-92E3-76CD9A41EB86}.Release|x64.ActiveCfg = Release|x64
		{E4901BB1-C99F-49E2-92E3-76CD9A41EB86}.Release|x64.Build.0 = Release|x64
		{E4901BB1-C99F-49E2-92E3-76CD9A41EB86}.Release|x86.ActiveCfg = Release|Win32
		{E4901BB1-C99F-49E2-92E3-76CD9A41EB86}.Release|x86.Build.0 = Release|Win32
		{4FDA6BED-537C-4D4C-B29C-680E5745D31A}.Debug|x64.ActiveCfg = Debug|x64
		{4FDA6BED-537C-4D4C-B29C-680E5745D31A}.Debug|x64.Build.0 = Debug|x64
		{4FDA6BED-537C-4D4C-B29C-680E5745D31A}.Debug|x86.ActiveCfg = Debug|Win32
		{4FDA6BED-537C-4D4C-B29C-680E5745D31A}.Debug|x86.Build.0 = Debug|Win32
		{4FDA6BED-537C-4D4C-B29C-680E5745D31A}.Release|x64.ActiveCfg = Release|x64
		{4FDA6BED-537C-4D4C-B29C-680E5745D31A}.Release|x64.Build.0 = Release|x64
		{4FDA6BED-537C-4D4C-B29C-680E5745D31A}.Release|x86.ActiveCfg = Release|Win32
		{4FDA6BED-537C-4D4C-B29C-680E5745D31A}.Release|x86.Build.0 = Release|Win32
		{C15C0282-139D-46F2-86BF-16E3BFAD8FA6}.Debug|x64.ActiveCfg = Debug|x64
		{C15C0282-139D-46F2-86BF-16E3BFAD8FA6}.Debug|x64.Build.0 = Debug|x64
		{C15C0282-139D-46F2-86BF-16E3BFAD8FA6}.Debug|x86.ActiveCfg = Debug|Win32
		{C15C0282-139D-46F2-86BF-16E3BFAD8FA6}.Debug|x86.Build.0 = Debug|Win32
		{C15C0282-139D-46F2-86BF-16E3BFAD8FA6}.Release|x64.ActiveCfg = Release|x64
		{C15C0282-139D-46F2-86BF-16E3BFAD8FA6}.Release|x64.Build.0 = Release|x64
		{C15C0282-139D-46F2-86BF-16E3BFAD8FA6}.Release|x86.ActiveCfg = Release|Win32
		{C15C0282-139D-46F2-86BF-16E3BFAD8FA6}.Release|x86.Build.0 = Release|Win32
		{BC9B4818-DCC4-47A5-84C9-EA8B44AC17C2}.Debug|x64.ActiveCfg = Debug|x64
		{BC9B4818-DCC4-47A5-84C9-EA8B44AC17C2}.Debug|x64.Build.0 = Debug|x64
		{BC9B4818-DCC4-47A5-84C9-EA8B44AC17C2}.Debug|x86.ActiveCfg = Debug|Win32
		{BC9B4818-DCC4-47A5-84C9-EA8B44AC17C2}.Debug|x86.Build.0 = Debug|Win32
		{BC9B4818-DCC4-47A5-84C9-EA8B44AC17C2}.Release|x64.ActiveCfg = Release|x64
		{BC9B4818-DCC4-47A5-84C9-EA8B44AC17C2}.Release|x64.Build.0 = Release|x64
		{BC9B4818-DCC4-47A5-84C9-EA8B44AC17C2}.Release|x86.ActiveCfg = Release|Win32
		{BC9B4818-DCC4-47A5-84C9-EA8B44AC17C2}.Release|x86.Build.0 = Release|Win32
		{3EDE9A52-281B-4E2B-90E1-3A265F98F396}.Debug|x64.ActiveCfg = Debug|x64
		{3EDE9A52-281B-4E2B-90E1-3A265F98F396}.Debug|x64.Build.0 = Debug|x64
		{3EDE9A52-281B-4E2B-90E1-3A265F98F396}.Debug|x86.ActiveCfg = Debug|Win32
		{3EDE9A52-281B-4E2B-90E1-3A265F98F396}.Debug|x86.Build.0 = Debug|Win32
		{3EDE9A52-281B-4E2B-90E1-3A265F98F396}.Release|x64.ActiveCfg = Release|x64
		{3EDE9A52-281B-4E2B-90E1-3A265F98F396}.Release|x64.Build.0 = Release|x64
		{3EDE9A52-281B-4E2B-90E1-3A265F98F396}.Release|x86.ActiveCfg = Release|Win32
		{3EDE9A52-281B-4E2B-90E1-3A265F98F396}.Release|x86.Build.0 = Release|Win32
		{5060E294-8441-42FC-A713-E32A5B8FE496}.Debug|x64.ActiveCfg = Debug|x64
		{5060E294-8441-42FC-A713-E32A5B8FE496}.Debug|x64.Build.0 = Debug|x64
		{5060E294-8441-42FC-A713-E32A5B8FE496}.Debug|x86.ActiveCfg = Debug|Win32
		{5060E294-8441-42FC-A713-E32A5B8FE496}.Debug|x86.Build.0 = Debug|Win32
		{5060E294-8441-42FC-A713-E32A5B8FE496}.Release|x64.ActiveCfg = Release|x64
		{5060E294-8441-42FC-A713-E32A5B8FE496}.Release|x64.Build.0 = Release|x64
		{5060E294-8441-42FC-A713-E32A5B8FE496}.Release|x86.ActiveCfg = Release|Win32
		{5060E294-8441-42FC-A713-E32A5B8FE496}.Release|x86.Build.0 = Release|Win32
		{116947AF-C025-4D28-872B-91CB33D617A5}.Debug|x64.ActiveCfg = Debug|x64
		{116947AF-C025-4D28-872B-91CB33D617A5}.Debug|x64.Build.0 = Debug|x64
		{116947AF-C025-4D28-872B-91CB33D617A5}.Debug|x86.ActiveCfg = Debug|Win32
		{116947AF-C025-4D28-872B-91CB33D617A5}.Debug|x86.Build.0 = Debug|Win32
		{116947AF-C025-4D28-872B-91CB33D617A5}.Release|x64.ActiveCfg = Release|x64
		{116947AF-C025-4D28-872B-91CB33D617A5}.Release|x64.Build.0 = Release|x64
		{116947AF-C025-4D28-872B-91CB33D617A5}.Release|x86.ActiveCfg = Release|Win32
		{116947AF-C025-4D28-872B-91CB33D617A5}.Release|x86.Build.0 = Release|Win32
		{89B9613E-A67C-48D7-AA49-3B147167F149}.Debug|x64.ActiveCfg = Debug|x64
		{89B9613E-A67C-48D7-AA49-3B147167F149}.Debug|x64.Build.0 = Debug|x64
		{89B9613E-A67C-48D7-AA49-3B147167F149}.Debug|x86.ActiveCfg = Debug|Win32
		{89B9613E-A67C-48D7-AA49-3B147167F149}.Debug|x86.Build.0 = Debug|Win32
		{89B9613E-A67C-48D7-AA49-3B147167F149}.Release|x64.ActiveCfg = Release|x64
		{89B9613E-A67C-48D7-AA49-3B147167F149}.Release|x64.Build.0 = Release|x64
		{89B9613E-A67C-48D7-AA49-3B147167F149}.Release|x86.ActiveCfg = Release|Win32
		{89B9613E-A67C-48D7-AA49-3B147167F149}.Release|x86.Build.0 = Release|Win32
		{22C14FAA-3FB9-4856-AD67-3A08B8BCA49E}.Debug|x64.ActiveCfg = Debug|x64
		{22C14FAA-3FB9-4856-AD67-3A08B8BCA49E}.Debug|x64.Build.0 = Debug|x64
		{22C14FAA-3FB9-4856-AD67-3A08B8BCA49E}.Debug|x86.ActiveCfg = Debug|Win32
		{22C14FAA-3FB9-4856-AD67-3A08B8BCA49E}.Debug|x86.Build.0 = Debug|Win32
		{22C14FAA-3FB9-4856-AD67-3A08B8BCA49E}.Release|x64.ActiveCfg = Release|x64
		{22C14FAA-3FB9-4856-AD67-3A08B8BCA49E}.Release|x64.Build.0 = Release|x64
		{22C14FAA-3FB9-4856-AD67-3A08B8BCA49E}.Release|x86.ActiveCfg = Release|Win32
		{22C14FAA-3FB9-4856-AD67-3A08B8BCA49E}.Release|x86.Build.0 = Release|Win32
		{D826C06A-1DBF-48E4-8430-FF86E448782B}.Debug|x64.ActiveCfg = Debug|x64
		{D826C06A-1DBF-48E4-8430-FF86E448782B}.Debug|x64.Build.0 = Debug|x64
		{D826C06A-1DBF-48E4-8430-FF86E448782B}.Debug|x86.ActiveCfg = Debug|Win32
		{D826C06A-1DBF-48E4-8430-FF86E448782B}.Debug|x86.Build.0 = Debug|Win32
		{D826C06A-1DBF-48E4-8430-FF86E448782B}.Release|x64.ActiveCfg = Release|x64
		{D826C06A-1DBF-48E4-8430-FF86E448782B}.Release|x64.Build.0 = Release|x64
		{D826C06A-1DBF-48E4-8430-FF86E448782B}.Release|x86.ActiveCfg = Release|Win32
		{D826C06A-1DBF-48E4-8430-FF86E448782B}.Release|x86.Build.0 = Release|Win32
		{B6E070CB-D644-4EFB-9523-0E56BA1210DF}.Debug|x64.ActiveCfg = Debug|x64
		{B6E070CB-D644-4EFB-9523-0E56BA1210DF}.Debug|x64.Build.0 = Debug|x64
		{B6E070CB-D644-4EFB-9523-0E56BA1210DF}.Debug|x86.ActiveCfg = Debug|Win32
		{B6E070CB-D644-4EFB-9523-0E56BA1210DF}.Debug|x86.Build.0 = Debug|Win32
		{B6E070CB-D644-4EFB-9523-0E56BA1210DF}.Release|x64.ActiveCfg = Release|x64
		{B6E070CB-D644-4EFB-9523-0E56BA1210DF}.Release|x64.Build.0 = Release|x64
		{B6E070CB-D644-4EFB-9523-0E56BA1210DF}.Release|x86.ActiveCfg = Release|Win32
		{B6E070CB-D644-4EFB-9523-0E56BA1210DF}.Release|x86.Build.0 = Release|Win32
		{210727A3-9470-4857-90B9-AF0BBA7908E4}.Debug|x64.ActiveCfg = Debug|x64
		{210727A3-9470-4857-90B9-AF0BBA7908E4}.Debug|x64.Build.0 = Debug|x64
		{210727A3-9470-4857-90B9-AF0BBA7908E4}.Debug|x86.ActiveCfg = Debug|Win32
		{210727A3-9470-4857-90B9-AF0BBA7908E4}.Debug|x86.Build.0 = Debug|Win32
		{210727A3-9470-4857-90B9-AF0BBA7908E4}.Release|x64.ActiveCfg = Release|x64
		{210727A3-9470-4857-90B9-AF0BBA7908E4}.Release|x64.Build.0 = Release|x64
		{210727A3-9470-4857-90B9-AF0BBA7908E4}.Release|x86.ActiveCfg = Release|Win32
		{210727A3-9470-4857-90B9-AF0BBA7908E4}.Release|x86.Build.0 = Release|Win32
		{9980BA84-5245-4D1A-BCBA-7DED1C0CCFB4}.Debug|x64.ActiveCfg = Debug|x64
		{9980BA84-5245-4D1A-BCBA-7DED1C0CCFB4}.Debug|x64.Build.0 = Debug|x64
		{9980BA84-5245-4D1A-BCBA-7DED1C0CCFB4}.Debug|x86.ActiveCfg = Debug|Win32
		{9980BA84-5245-4D1A-BCBA-7DED1C0CCFB4}.Debug|x86.Build.0 = Debug|Win32
		{9980BA84-5245-4D1A-BCBA-7DED1C0CCFB4}.Release|x64.ActiveCfg = Release|x64
		{9980BA84-5245-4D1A-BCBA-7DED1C0CCFB4}.Release|x64.Build.0 = Release|x64
		{9980BA84-5245-4D1A-BCBA-7DED1C0CCFB4}.Release|x86.ActiveCfg = Release|Win32
		{9980BA84-5245-4D1A-BCBA-7DED1C0CCFB4}.Release|x86.Build.0 = Release|Win32
		{CACB5BF3-6048-4934-918A-196CB485875E}.Debug|x64.ActiveCfg = Debug|x64
		{CACB5BF3-6048-4934-918A-196CB485875E}.Debug|x64.Build.0 = Debug|x64
		{CACB5BF3-6048-4934-918A-196CB485875E}.Debug|x86.ActiveCfg = Debug|Win32
		{CACB5BF3-6048-4934-918A-196CB485875E}.Debug|x86.Build.0 = Debug|Win32
		{CACB5BF3-6048-4934-918A-196CB485875E}.Release|x64.ActiveCfg = Release|x64
		{CACB5BF3-6048-4934-918A-196CB485875E}.Release|x64.Build.0 = Release|x64
		{CACB5BF3-6048-4934-918A-196CB485875E}.Release|x86.ActiveCfg = Release|Win32
		{CACB5BF3-6048-4934-918A-196CB485875E}.Release|x86.Build.0 = Release|Win32
		{14852D3D-4749-4C07-8BD7-F3384FEEA6E3}.Debug|x64.ActiveCfg = Debug|x64
		{14852D3D-4749-4C07-8BD7-F3384FEEA6E3}.Debug|x64.Build.0 = Debug|x64
		{14852D3D-4749-4C07-8BD7-F3384FEEA6E3}.Debug|x86.ActiveCfg = Debug|Win32
		{14852D3D-4749-4C07-8BD7-F3384FEEA6E3}.Debug|x86.Build.0 = Debug|Win32
		{14852D3D-4749-4C07-8BD7-F3384FEEA6E3}.Release|x64.ActiveCfg = Release|x64
		{14852D3D-4749-4C07-8BD7-F3384FEEA6E3}.Release|x64.Build.0 = Release|x64
		{14852D3D-4749-4C07-8BD7-F3384FEEA6E3}.Release|x86.ActiveCfg = Release|Win32
		{14852D3D-4749-4C07-8BD7-F3384FEEA6E3}.Release|x86.Build.0 = Release|Win32
		{980F8299-ECDF-4C10-86E0-547EDFE7585A}.Debug|x64.ActiveCfg = Debug|x64
		{980F8299-ECDF-4C10-86E0-547EDFE7585A}.Debug|x64.Build.0 = Debug|x64
		{980F8299-ECDF-4C10-86E0-547EDFE7585A}.Debug|x86.ActiveCfg = Debug|Win32
		{980F8299-ECDF-4C10-86E0-547EDFE7585A}.Debug|x86.Build.0 = Debug|Win32
		{980F8299-ECDF-4C10-86E0-547EDFE7585A}.Release|x64.ActiveCfg = Release|x64
		{980F8299-ECDF-4C10-86E0-547EDFE7585A}.Release|x64.Build.0 = Release|x64
		{980F8299-ECDF-4C10-86E0-547EDFE7585A}.Release|x86.ActiveCfg = Release|Win32
		{980F8299-ECDF-4C10-86E0-547EDFE7585A}.Release|x86.Build.0 = Release|Win32
		{87A46CFB-7F04-49CE-A69F-F99E517A0604}.Debug|x64.ActiveCfg = Debug|x64
		{87A46CFB-7F04-49CE-A69F-F99E517A0604}.Debug|x64.Build.0 = Debug|x64
		{87A46CFB-7F04-49CE-A69F-F99E517A0604}.Debug|x86.ActiveCfg = Debug|Win32
		{87A46CFB-7F04-49CE-A69F-F99E517A0604}.Debug|x86.Build.0 = Debug|Win32
		{87A46CFB-7F04-49CE-A69F-F99E517A0604}.Release|x64.ActiveCfg = Release|x64
		{87A46CFB-7F04-49CE-A69F-F99E517A0604}.Release|x64.Build.0 = Release|x64
		{87A46CFB-7F04-49CE-A69F-F99E517A0604}.Release|x86.ActiveCfg = Release|Win32
		{87A46CFB-7F04-49CE-A69F-F99E517A0604}.Release|x86.Build.0 = Release|Win32
		{1E36A9AF-F676-4C5D-8534-7DD0ED341492}.Debug|x64.ActiveCfg = Debug|x64
		{1E36A9AF-F676-4C5D-8534-7DD0ED341492}.Debug|x64.Build.0 = Debug|x64
		{1E36A9AF-F676-4C5D-8534-7DD0ED341492}.Debug|x86.ActiveCfg = Debug|Win32
		{1E36A9AF-F676-4C5D-8534-7DD0ED341492}.Debug|x86.Build.0 = Debug|Win32
		{1E36A9AF-F676-4C5D-8534-7DD0ED341492}.Release|x64.ActiveCfg = Release|x64
		{1E36A9AF-F676-4C5D-8534-7DD0ED341492}.Release|x64.Build.0 = Release|x64
		{1E36A9AF-F676-4C5D-8534-7DD0ED341492}.Release|x86.ActiveCfg = Release|Win32
		{1E36A9AF-F676-4C5D-8534-7DD0ED341492}.Release|x86.Build.0 = Release|Win32
		{95C203C7-243D-4579-922E-6B68830AFDBA}.Debug|x64.ActiveCfg = Debug|x64
		{95C203C7-243D-4579-922E-6B68830AFDBA}.Debug|x64.Build.0 = Debug|x64
		{95C203C7-243D-4579-922E-6B68830AFDBA}.Debug|x86.ActiveCfg = Debug|Win32
		{95C203C7-243D-4579-922E-6B68830AFDBA}.Debug|x86.Build.0 = Debug|Win32
		{95C203C7-243D-4579-922E-6B68830AFDBA}.Release|x64.ActiveCfg = Release|x64
		{95C203C7-243D-4579-922E-6B68830AFDBA}.Release|x64.Build.0 = Release|x64
		{95C203C7-243D-4579-922E-6B68830AFDBA}.Release|x86.ActiveCfg = Release|Win32
		{95C203C7-243D-4579-922E-6B68830AFDBA}.Release|x86.Build.0 = Release|Win32
		{EF647D85-8C7B-4745-A8A1-E72A6C691C0A}.Debug|x64.ActiveCfg = Debug|x64
		{EF647D85-8C7B-4745-A8A1-E72A6C691C0A}.Debug|x64.Build.0 = Debug|x64
		{EF647D85-8C7B-4745-A8A1-E72A6C691C0A}.Debug|x86.ActiveCfg = Debug|Win32
		{EF647D85-8C7B-4745-A8A1-E72A6C691C0A}.Debug|x86.Build.0 = Debug|Win32
		{EF647D85-8C7B-4745-A8A1-E72A6C691C0A}.Release|x64.ActiveCfg = Release|x64
		{EF647D85-8C7B-4745-A8A1-E72A6C691C0A}.Release|x64.Build.0 = Release|x64
		{EF647D85-8C7B-4745-A8A1-E72A6C691C0A}.Release|x86.ActiveCfg = Release|Win32
		{EF647D85-8C7B-4745-A8A1-E72A6C691C0A}.Release|x86.Build.0 = Release|Win32
		{0CD08447-9606-4BD9-9291-CE3007F5D12A}.Debug|x64.ActiveCfg = Debug|x64
		{0CD08447-9606-4BD9-9291-CE3007F5D12A}.Debug|x64.Build.0 = Debug|x64
		{0CD08447-9606-4BD9-9291-CE3007F5D12A}.Debug|x86.ActiveCfg = Debug|Win32
		{0CD08447-9606-4BD9-9291-CE3007F5D12A}.Debug|x86.Build.0 = Debug|Win32
		{0CD08447-9606-4BD9-9291-CE3007F5D12A}.Release|x64.ActiveCfg = Release|x64
		{0CD08447-9606-4BD9-9291-CE3007F5D12A}.Release|x64.Build.0 = Release|x64
		{0CD08447-9606-4BD9-9291-CE3007F5D12A}.Release|x86.ActiveCfg = Release|Win32
		{0CD08447-9606-4BD9-9291-CE3007F5D12A}.Release|x86.Build.0 = Release|Win32
		{B7820F40-95CB-4759-9E0C-A8EA64DF1112}.Debug|x64.ActiveCfg = Debug|x64
		{B7820F40-95CB-4759-9E0C-A8EA64DF1112}.Debug|x64.Build.0 = Debug|x64
		{B7820F40-95CB-4759-9E0C-A8EA64DF1112}.Debug|x86.ActiveCfg = Debug|Win32
		{B7820F40-95CB-4759-9E0C-A8EA64DF1112}.Debug|x86.Build.0 = Debug|Win32
		{B7820F40-95CB-4759-9E0C-A8EA64DF1112}.Release|x64.ActiveCfg = Release|x64
		{B7820F40-95CB-4759-9E0C-A8EA64DF1112}.Release|x64.Build.0 = Release|x64
		{B7820F40-95CB-4759-9E0C-A8EA64DF1112}.Release|x86.ActiveCfg = Release|Win32
		{B7820F40-95CB-4759-9E0C-A8EA64DF1112}.Release|x86.Build.0 = Release|Win32
		{3EC6B487-A345-4741-86B9-12279C7B01D1}.Debug|x64.ActiveCfg = Debug|x64
		{3EC6B487-A345-4741-86B9-12279C7B01D1}.Debug|x64.Build.0 = Debug|x64
		{3EC6B487-A345-4741-86B9-12279C7B01D1}.Debug|x86.ActiveCfg = Debug|Win32
		{3EC6B487-A345-4741-86B9-12279C7B01D1}.Debug|x86.Build.0 = Debug|Win32
		{3EC6B487-A345-4741-86B9-12279C7B01D1}.Release|x64.ActiveCfg = Release|x64
		{3EC6B487-A345-4741-86B9-12279C7B01D1}.Release|x64.Build.0 = Release|x64
		{3EC6B487-A345-4741-86B9-12279C7B01D1}.Release|x86.ActiveCfg = Release|Win32
		{3EC6B487-A345-4741-86B9-12279C7B01D1}.Release|x86.Build.0 = Release|Win32
		{B743E344-944D-4D0F-881F-259C45DBBC69}.Debug|x64.ActiveCfg = Debug|x64
		{B743E344-944D-4D0F-881F-259C45DBBC69}.Debug|x64.Build.0 = Debug|x64
		{B743E344-944D-4D0F-881F-259C45DBBC69}.Debug|x86.ActiveCfg = Debug|Win32
		{B743E344-944D-4D0F-881F-259C45DBBC69}.Debug|x86.Build.0 = Debug|Win32
		{B743E344-944D-4D0F-881F-259C45DBBC69}.Release|x64.ActiveCfg = Release|x64
		{B743E344-944D-4D0F-881F-259C45DBBC69}.Release|x64.Build.0 = Release|x64
		{B743E344-944D-4D0F-881F-259C45DBBC69}.Release|x86.ActiveCfg = Release|Win32
		{B743E344-944D-4D0F-881F-259C45DBBC69}.Release|x86.Build.0 = Release|Win32
		{539B0330-29EE-4F15-B59C-68F4DE5F8B82}.Debug|x64.ActiveCfg = Debug|x64
		{539B0330-29EE-4F15-B59C-68F4DE5F8B82}.Debug|x64.Build.0 = Debug|x64
		{539B0330-29EE-4F15-B59C-68F4DE5F8B82}.Debug|x86.ActiveCfg = Debug|Win32
		{539B0330-29EE-4F15-B59C-68F4DE5F8B82}.Debug|x86.Build.0 = Debug|Win32
		{539B0330-29EE-4F15-B59C-68F4DE5F8B82}.Release|x64.ActiveCfg = Release|x64
		{539B0330-29EE-4F15-B59C-68F4DE5F8B82}.Release|x64.Build.0 = Release|x64
		{539B0330-29EE-4F15-B59C-68F4DE5F8B82}.Release|x86.ActiveCfg = Release|Win32
		{539B0330-29EE-4F15-B59C-68F4DE5F8B82}.Release|x86.Build.0 = Release|Win32
		{4A90DC7A-15D0-4608-A484-BDD275933435}.Debug|x64.ActiveCfg = Debug|x64
		{4A90DC7A-15D0-4608-A484-BDD275933435}.Debug|x64.Build.0 = Debug|x64
		{4A90DC7A-15D0-4608-A484-BDD275933435}.Debug|x86.ActiveCfg = Debug|Win32
		{4A90DC7A-15D0-4608-A484-BDD275933435}.Debug|x86.Build.0 = Debug|Win32
		{4A90DC7A-15D0-4608-A484-BDD275933435}.Release|x64.ActiveCfg = Release|x64
		{4A90DC7A-15D0-4608-A484-BDD275933435}.Release|x64.Build.0 = Release|x64
		{4A90DC7A-15D0-4608-A484-BDD275933435}.Release|x86.ActiveCfg = Release|Win32
		{4A90DC7A-15D0-4608-A484-BDD275933435}.Release|x86.Build.0 = Release|Win32
		{45744622-2AC5-4898-9E8E-8D22FC79D1DA}.Debug|x64.ActiveCfg = Debug|x64
		{45744622-2AC5-4898-9E8E-8D22FC79D1DA}.Debug|x64.Build.0 = Debug|x64
		{45744622-2AC5-4898-9E8E-8D22FC79D1DA}.Debug|x86.ActiveCfg = Debug|Win32
		{45744622-2AC5-4898-9E8E-8D22FC79D1DA}.Debug|x86.Build.0 = Debug|Win32
		{45744622-2AC5-4898-9E8E-8D22FC79D1DA}.Release|x64.ActiveCfg = Release|x64
		{45744622-2AC5-4898-9E8E-8D22FC79D1DA}.Release|x64.Build.0 = Release|x64
		{45744622-2AC5-4898-9E8E-8D22FC79D1DA}.Release|x86.ActiveCfg = Release|Win32
		{45744622-2AC5-4898-9E8E-8D22FC79D1DA}.Release|x86.Build.0 = Release|Win32
		{0FD7054D-0931-4089-BF7E-EEE07522AEE8}.Debug|x64.ActiveCfg = Debug|x64
		{0FD7054D-0931-4089-BF7E-EEE07522AEE8}.Debug|x64.Build.0 = Debug|x64
		{0FD7054D-0931-4089-BF7E-EEE07522AEE8}.Debug|x86.ActiveCfg = Debug|Win32
		{0FD7054D-0931-4089-BF7E-EEE07522AEE8}.Debug|x86.Build.0 = Debug|Win32
		{0FD7054D-0931-4089-BF7E-EEE07522AEE8}.Release|x64.ActiveCfg = Release|x64
		{0FD7054D-0931-4089-BF7E-EEE07522AEE8}.Release|x64.Build.0 = Release|x64
		{0FD7054D-0931-4089-BF7E-EEE07522AEE8}.Release|x86.ActiveCfg = Release|Win32
		{0FD7054D-0931-4089-BF7E-EEE07522AEE8}.Release|x86.Build.0 = Release|Win32
		{F2EA865E-5DD1-49B8-B6F2-4BAAFDB1D3D6}.Debug|x64.ActiveCfg = Debug|x64
		{F2EA865E-5DD1-49B8-B6F2-4BAAFDB1D3D6}.Debug|x64.Build.0 = Debug|x64
		{F2EA865E-5DD1-49B8-B6F2-4BAAFDB1D3D6}.Debug|x86.ActiveCfg = Debug|Win32
		{F2EA865E-5DD1-49B8-B6F2-4BAAFDB1D3D6}.Debug|x86.Build.0 = Debug|Win32
		{F2EA865E-5DD1-49B8-B6F2-4BAAFDB1D3D6}.Release|x64.ActiveCfg = Release|x64
		{F2EA865E-5DD1-49B8-B6F2-4BAAFDB1D3D6}.Release|x64.Build.0 = Release|x64
		{F2EA865E-5DD1-49B8-B6F2-4BAAFDB1D3D6}.Release|x86.ActiveCfg = Release|Win32
		{F2EA865E-5DD1-49B8-B6F2-4BAAFDB1D3D6}.Release|x86.Build.0 = Release|Win32
		{92079B39-7FEC-4A80-B058-F745E3ABDC19}.Debug|x64.ActiveCfg = Debug|x64
		{92079B39-7FEC-4A80-B058-F745E3ABDC19}.Debug|x64.Build.0 = Debug|x64
		{92079B39-7FEC-4A80-B058-F745E3ABDC19}.Debug|x86.ActiveCfg = Debug|Win32
		{92079B39-7FEC-4A80-B058-F745E3ABDC19}.Debug|x86.Build.0 = Debug|Win32
		{92079B39-7FEC-4A80-B058-F745E3ABDC19}.Release|x64.ActiveCfg = Release|x64
		{92079B39-7FEC-4A80-B058-F745E3ABDC19}.Release|x64.Build.0 = Release|x64
		{92079B39-7FEC-4A80-B058-F745E3ABDC19}.Release|x86.ActiveCfg = Release|Win32
		{92079B39-7FEC-4A80-B058-F745E3ABDC19}.Release|x86.Build.0 = Release|Win32
		{B0FC1BA9-E385-49B0-BC53-473480CFF675}.Debug|x64.ActiveCfg = Debug|x64
		{B0FC1BA9-E385-49B0-BC53-473480CFF675}.Debug|x64.Build.0 = Debug|x64
		{B0FC1BA9-E385-49B0-BC53-473480CFF675}.Debug|x86.ActiveCfg = Debug|Win32
		{B0FC1BA9-E385-49B0-BC53-473480CFF675}.Debug|x86.Build.0 = Debug|Win32
		{B0FC1BA9-E385-49B0-BC53-473480CFF675}.Release|x64.ActiveCfg = Release|x64
		{B0FC1BA9-E385-49B0-BC53-473480CFF675}.Release|x64.Build.0 = Release|x64
		{B0FC1BA9-E385-49B0-BC53-473480CFF675}.Release|x86.ActiveCfg = Release|Win32
		{B0FC1BA9-E385-49B0-BC53-473480CFF675}.Release|x86.Build.0 = Release|Win32
		{1DDB4360-F0B1-419F-8EEA-A24249B73890}.Debug|x64.ActiveCfg = Debug|x64
		{1DDB4360-F0B1-419F-8EEA-A24249B73890}.Debug|x64.Build.0 = Debug|x64
		{1DDB4360-F0B1-419F-8EEA-A24249B73890}.Debug|x86.ActiveCfg = Debug|Win32
		{1DDB4360-F0B1-419F-8EEA-A24249B73890}.Debug|x86.Build.0 = Debug|Win32
		{1DDB4360-F0B1-419F-8EEA-A24249B73890}.Release|x64.ActiveCfg = Release|x64
		{1DDB4360-F0B1-419F-8EEA-A24249B73890}.Release|x64.Build.0 = Release|x64
		{1DDB4360-F0B1-419F-8EEA-A24249B73890}.Release|x86.ActiveCfg = Release|Win32
		{1DDB4360-F0B1-419F-8EEA-A24249B73890}.Release|x86.Build.0 = Release|Win32
		{C8CA377A-6294-4489-9972-2524215B56E3}.Debug|x64.ActiveCfg = Debug|x64
		{C8CA377A-6294-4489-9972-2524215B56E3}.Debug|x64.Build.0 = Debug|x64
		{C8CA377A-6294-4489-9972-2524215B56E3}.Debug|x86.ActiveCfg = Debug|Win32
		{C8CA377A-6294-4489-9972-2524215B56E3}.Debug|x86.Build.0 = Debug|Win32
		{C8CA377A-6294-4489-9972-2524215B56E3}.Release|x64.ActiveCfg = Release|x64
		{C8CA377A-6294-4489-9972-2524215B56E3}.Release|x64.Build.0 = Release|x64
		{C8CA377A-6294-4489-9972-2524215B56E3}.Release|x86.ActiveCfg = Release|Win32
		{C8CA377A-6294-4489-9972-2524215B56E3}.Release|x86.Build.0 = Release|Win32
		{B0C48028-2563-4C1A-A78D-C2C712E591C8}.Debug|x64.ActiveCfg = Debug|x64
		{B0C48028-2563-4C1A-A78D-C2C712E591C8}.Debug|x64.Build.0 = Debug|x64
		{B0C48028-2563-4C1A-A78D-C2C712E591C8}.Debug|x86.ActiveCfg = Debug|Win32
		{B0C48028-2563-4C1A-A78D-C2C712E591C8}.Debug|x86.Build.0 = Debug|Win32
		{B0C48028-2563-4C1A-A78D-C2C712E591C8}.Release|x64.ActiveCfg = Release|x64
		{B0C48028-2563-4C1A-A78D-C2C712E591C8}.Release|x64.Build.0 = Release|x64
		{B0C48028-2563-4C1A-A78D-C2C712E591C8}.Release|x86.ActiveCfg = Release|Win32
		{B0C48028-2563-4C1A-A78D-C2C712E591C8}.Release|x86.Build.0 = Release|Win32
		{E44063AE-72E9-4622-8A9C-3091B84D26AB}.Debug|x64.ActiveCfg = Debug|x64
		{E44063AE-72E9-4622-8A9C-3091B84D26AB}.Debug|x64.Build.0 = Debug|x64
		{E44063AE-72E9-4622-8A9C-3091B84D26AB}.Debug|x86.ActiveCfg = Debug|Win32
		{E44063AE-72E9-4622-8A9C-3091B84D26AB}.Debug|x86.Build.0 = Debug|Win32
		{E44063AE-72E9-4622-8A9C-3091B84D26AB}.Release|x64.ActiveCfg = Release|x64
		{E44063AE-72E9-4622-8A9C-3091B84D26AB}.Release|x64.Build.0 = Release|x64
		{E44063AE-72E9-4622-8A9C-3091B84D26AB}.Release|x86.ActiveCfg = Release|Win32
		{E44063AE-72E9-4622-8A9C-3091B84D26AB}.Release|x86.Build.0 = Release|Win32
		{2890870E-D987-4055-8DA6-1CD3965027B5}.Debug|x64.ActiveCfg = Debug|x64
		{2890870E-D987-4055-8DA6-1CD3965027B5}.Debug|x64.Build.0 = Debug|x64
		{2890870E-D987-4055-8DA6-1CD3965027B5}.Debug|x86.ActiveCfg = Debug|Win32
		{2890870E-D987-4055-8DA6-1CD3965027B5}.Debug|x86.Build.0 = Debug|Win32
		{2890870E-D987-4055-8DA6-1CD3965027B5}.Release|x64.ActiveCfg = Release|x64
		{2890870E-D987-4055-8DA6-1CD3965027B5}.Release|x64.Build.0 = Release|x64
		{2890870E-D987-4055-8DA6-1CD3965027B5}.Release|x86.ActiveCfg = Release|Win32
		{2890870E-D987-4055-8DA6-1CD3965027B5}.Release|x86.Build.0 = Release|Win32
		{ECFAB754-F638-4414-9FEB-3C880133F1BD}.Debug|x64.ActiveCfg = Debug|x64
		{ECFAB754-F638-4414-9FEB-3C880133F1BD}.Debug|x64.Build.0 = Debug|x64
		{ECFAB754-F638-4414-9FEB-3C880133F1BD}.Debug|x86.ActiveCfg = Debug|Win32
		{ECFAB754-F638-4414-9FEB-3C880133F1BD}.Debug|x86.Build.0 = Debug|Win32
		{ECFAB754-F638-4414-9FEB-3C880133F1BD}.Release|x64.ActiveCfg = Release|x64
		{ECFAB754-F638-4414-9FEB-3C880133F1BD}.Release|x64.Build.0 = Release|x64
		{ECFAB754-F638-4414-9FEB-3C880133F1BD}.Release|x86.ActiveCfg = Release|Win32
		{ECFAB754-F638-4414-9FEB-3C880133F1BD}.Release|x86.Build.0 = Release|Win32
		{9377501D-4BB5-4835-832C-43DAC34680DA}.Debug|x64.ActiveCfg = Debug|x64
		{9377501D-4BB5-4835-832C-43DAC34680DA}.Debug|x64.Build.0 = Debug|x64
		{9377501D-4BB5-4835-832C-43DAC34680DA}.Debug|x86.ActiveCfg = Debug|Win32
		{9377501D-4BB5-4835-832C-43DAC34680DA}.Debug|x86.Build.0 = Debug|Win32
		{9377501D-4BB5-4835-832C-43DAC34680DA}.Release|x64.ActiveCfg = Release|x64
		{9377501D-4BB5-4835-832C-43DAC34680DA}.Release|x64.Build.0 = Release|x64
		{9377501D-4BB5-4835-832C-43DAC34680DA}.Release|x86.ActiveCfg = Release|Win32
		{9377501D-4BB5-4835-832C-43DAC34680DA}.Release|x86.Build.0 = Release|Win32
		{9BFDFA7A-83EB-4B83-9355-8E8E9ABD0BC0}.Debug|x64.ActiveCfg = Debug|x64
		{9BFDFA7A-83EB-4B83-9355-8E8E9ABD0BC0}.Debug|x64.Build.0 = Debug|x64
		{9BFDFA7A-83EB-4B83-9355-8E8E9ABD0BC0}.Debug|x86.ActiveCfg = Debug|Win32
		{9BFDFA7A-83EB-4B83-9355-8E8E9ABD0BC0}.Debug|x86.Build.0 = Debug|Win32
		{9BFDFA7A-83EB-4B83-9355-8E8E9ABD0BC0}.Release|x64.ActiveCfg = Release|x64
		{9BFDFA7A-83EB-4B83-9355-8E8E9ABD0BC0}.Release|x64.Build.0 = Release|x64
		{9BFDFA7A-83EB-4B83-9355-8E8E9ABD0BC0}.Release|x86.ActiveCfg = Release|Win32
		{9BFDFA7A-83EB-4B83-9355-8E8E9ABD0BC0}.Release|x86.Build.0 = Release|Win32
	EndGlobalSection
	GlobalSection(SolutionProperties) = preSolution
		HideSolutionNode = FALSE
	EndGlobalSection
	GlobalSection(NestedProjects) = preSolution
		{596D89D8-5578-4FFA-BEBF-1BB2468C13A4} = {3CEEF307-4787-4D1F-A72D-897DFBB73F2B}
		{5B90A5BF-772B-42B8-93BC-019D9F8E02FC} = {3CEEF307-4787-4D1F-A72D-897DFBB73F2B}
		{F414A0BE-3A20-48BB-B23C-CE79FF9573AB} = {3CEEF307-4787-4D1F-A72D-897DFBB73F2B}
		{F634A8AD-4C44-4E4F-BC80-8CAB14C796BE} = {3CEEF307-4787-4D1F-A72D-897DFBB73F2B}
		{67C2D21E-4568-4B67-905D-CD75759A6298} = {3CEEF307-4787-4D1F-A72D-897DFBB73F2B}
		{2DC7C2A4-4071-4CC8-9D21-1DB52AC26CC8} = {9D35E51A-2CC1-4A8B-A17D-1EFBC2B6C659}
		{80CB99C8-4670-49DD-BD9E-582FD9977722} = {9D35E51A-2CC1-4A8B-A17D-1EFBC2B6C659}
		{CB5FC4F7-C419-4B0D-AADF-2DB32BAA07AF} = {9D35E51A-2CC1-4A8B-A17D-1EFBC2B6C659}
		{011D7A35-9492-4BCE-B16E-7750F6DB3E6E} = {9D35E51A-2CC1-4A8B-A17D-1EFBC2B6C659}
		{6A1E1BEA-EF3E-413C-B8B4-75245E82369B} = {9D35E51A-2CC1-4A8B-A17D-1EFBC2B6C659}
		{0805AC34-E259-446E-BC81-615A0B29FF1C} = {9D35E51A-2CC1-4A8B-A17D-1EFBC2B6C659}
		{25FE87A3-260D-40AC-B83E-D7E15BB53167} = {9D35E51A-2CC1-4A8B-A17D-1EFBC2B6C659}
		{3412A399-15BA-416C-87C4-1639F77C2243} = {9D35E51A-2CC1-4A8B-A17D-1EFBC2B6C659}
		{E25A415F-D511-4A02-B266-2A3A5CCA45E6} = {9D35E51A-2CC1-4A8B-A17D-1EFBC2B6C659}
		{802E3977-E534-4548-BA38-8142DAADD694} = {AE525EB5-1814-4CF2-B952-28E99D73896F}
		{B957CB33-5B2F-4276-89B1-7BC36700E1B3} = {AE525EB5-1814-4CF2-B952-28E99D73896F}
		{74A35723-6863-4619-807E-DC3C7A0BF314} = {AE525EB5-1814-4CF2-B952-28E99D73896F}
		{292EF0B6-846D-4BC5-83F6-1F2E5E5B5ACC} = {AE525EB5-1814-4CF2-B952-28E99D73896F}
		{29550BE7-25FD-418C-B545-912D3A5A3DAA} = {AE525EB5-1814-4CF2-B952-28E99D73896F}
		{213CBD49-6553-486C-9002-CB3319EA8AE9} = {99F4310A-2450-4B01-A708-D16BC21FF532}
		{8B8C5933-93EB-4070-BC02-A967E59102B5} = {99F4310A-2450-4B01-A708-D16BC21FF532}
		{819756CA-6FAC-41AA-B26D-40B9F52A90FF} = {88E03A18-CBBD-4502-831E-DDFE4A72659C}
		{66E9460C-5DCC-4B75-ACC2-C784C95338C2} = {88E03A18-CBBD-4502-831E-DDFE4A72659C}
		{20E5442F-2854-49C4-99B3-4A58209776BA} = {88E03A18-CBBD-4502-831E-DDFE4A72659C}
		{F65999A4-5ABB-4808-AFEE-C81DBDB23402} = {88E03A18-CBBD-4502-831E-DDFE4A72659C}
		{B2CAA6A4-842B-4C3D-8091-E28E72D9B331} = {88E03A18-CBBD-4502-831E-DDFE4A72659C}
		{2BD17CC5-1B65-4901-8C3A-CECF7CBC76BB} = {88E03A18-CBBD-4502-831E-DDFE4A72659C}
		{1D1C2106-A627-4E55-816F-E98EE49411F3} = {E0A9A90E-413B-4B5D-B5CF-1428481F99CB}
		{D4B7A7A5-E224-4A12-BA9A-C0ECC5BC6003} = {E0A9A90E-413B-4B5D-B5CF-1428481F99CB}
		{C061AF0B-F516-4F5B-B8A9-74CAD4B9BDC1} = {E0A9A90E-413B-4B5D-B5CF-1428481F99CB}
		{75A6CD9E-A599-483E-9B98-F003D879407C} = {E0A9A90E-413B-4B5D-B5CF-1428481F99CB}
		{9B312390-0901-4649-9F2C-E7344EB01A1C} = {9835482A-B530-45A1-A359-EB454138F583}
		{C6CB26CB-452C-4394-87BA-4E56D7F2499F} = {88E03A18-CBBD-4502-831E-DDFE4A72659C}
		{2C0BAB2C-D15A-423F-89CF-030625927942} = {9835482A-B530-45A1-A359-EB454138F583}
		{A8B40504-4484-4DBA-9472-249E7C19834B} = {9835482A-B530-45A1-A359-EB454138F583}
		{20C4A168-3315-419B-BD36-EFEE90A655D0} = {9835482A-B530-45A1-A359-EB454138F583}
		{70E5BDB9-4D5E-4676-A3B4-70015AC7DAD8} = {9835482A-B530-45A1-A359-EB454138F583}
		{9B56FC6D-C76F-4E0F-B9F3-BBD8558C0DB3} = {C09B3BE0-3FCA-4BE2-B7DA-F9B6FB36390C}
		{E4901BB1-C99F-49E2-92E3-76CD9A41EB86} = {C09B3BE0-3FCA-4BE2-B7DA-F9B6FB36390C}
		{4FDA6BED-537C-4D4C-B29C-680E5745D31A} = {C09B3BE0-3FCA-4BE2-B7DA-F9B6FB36390C}
		{C15C0282-139D-46F2-86BF-16E3BFAD8FA6} = {C09B3BE0-3FCA-4BE2-B7DA-F9B6FB36390C}
		{BC9B4818-DCC4-47A5-84C9-EA8B44AC17C2} = {C09B3BE0-3FCA-4BE2-B7DA-F9B6FB36390C}
		{3EDE9A52-281B-4E2B-90E1-3A265F98F396} = {C09B3BE0-3FCA-4BE2-B7DA-F9B6FB36390C}
		{5060E294-8441-42FC-A713-E32A5B8FE496} = {E09DC220-9E00-4740-8639-B58FCAA3FAD6}
		{116947AF-C025-4D28-872B-91CB33D617A5} = {E09DC220-9E00-4740-8639-B58FCAA3FAD6}
		{89B9613E-A67C-48D7-AA49-3B147167F149} = {E09DC220-9E00-4740-8639-B58FCAA3FAD6}
		{22C14FAA-3FB9-4856-AD67-3A08B8BCA49E} = {E09DC220-9E00-4740-8639-B58FCAA3FAD6}
		{D826C06A-1DBF-48E4-8430-FF86E448782B} = {E09DC220-9E00-4740-8639-B58FCAA3FAD6}
		{B6E070CB-D644-4EFB-9523-0E56BA1210DF} = {E09DC220-9E00-4740-8639-B58FCAA3FAD6}
		{210727A3-9470-4857-90B9-AF0BBA7908E4} = {E09DC220-9E00-4740-8639-B58FCAA3FAD6}
		{9980BA84-5245-4D1A-BCBA-7DED1C0CCFB4} = {8E05A03E-12C7-4317-8BA1-AC91F6F49A80}
		{CACB5BF3-6048-4934-918A-196CB485875E} = {8E05A03E-12C7-4317-8BA1-AC91F6F49A80}
		{14852D3D-4749-4C07-8BD7-F3384FEEA6E3} = {8E05A03E-12C7-4317-8BA1-AC91F6F49A80}
		{980F8299-ECDF-4C10-86E0-547EDFE7585A} = {8E05A03E-12C7-4317-8BA1-AC91F6F49A80}
		{87A46CFB-7F04-49CE-A69F-F99E517A0604} = {8E05A03E-12C7-4317-8BA1-AC91F6F49A80}
		{1E36A9AF-F676-4C5D-8534-7DD0ED341492} = {8E05A03E-12C7-4317-8BA1-AC91F6F49A80}
		{95C203C7-243D-4579-922E-6B68830AFDBA} = {8E05A03E-12C7-4317-8BA1-AC91F6F49A80}
		{EF647D85-8C7B-4745-A8A1-E72A6C691C0A} = {676D3A73-47B1-49C4-9C42-72A551E245D3}
		{0CD08447-9606-4BD9-9291-CE3007F5D12A} = {676D3A73-47B1-49C4-9C42-72A551E245D3}
		{B7820F40-95CB-4759-9E0C-A8EA64DF1112} = {676D3A73-47B1-49C4-9C42-72A551E245D3}
		{3EC6B487-A345-4741-86B9-12279C7B01D1} = {676D3A73-47B1-49C4-9C42-72A551E245D3}
		{B743E344-944D-4D0F-881F-259C45DBBC69} = {676D3A73-47B1-49C4-9C42-72A551E245D3}
		{539B0330-29EE-4F15-B59C-68F4DE5F8B82} = {676D3A73-47B1-49C4-9C42-72A551E245D3}
		{4A90DC7A-15D0-4608-A484-BDD275933435} = {676D3A73-47B1-49C4-9C42-72A551E245D3}
		{45744622-2AC5-4898-9E8E-8D22FC79D1DA} = {676D3A73-47B1-49C4-9C42-72A551E245D3}
		{0FD7054D-0931-4089-BF7E-EEE07522AEE8} = {676D3A73-47B1-49C4-9C42-72A551E245D3}
		{F2EA865E-5DD1-49B8-B6F2-4BAAFDB1D3D6} = {676D3A73-47B1-49C4-9C42-72A551E245D3}
		{92079B39-7FEC-4A80-B058-F745E3ABDC19} = {676D3A73-47B1-49C4-9C42-72A551E245D3}
		{B0FC1BA9-E385-49B0-BC53-473480CFF675} = {676D3A73-47B1-49C4-9C42-72A551E245D3}
		{1DDB4360-F0B1-419F-8EEA-A24249B73890} = {676D3A73-47B1-49C4-9C42-72A551E245D3}
		{C8CA377A-6294-4489-9972-2524215B56E3} = {E8E780FD-5027-46E5-AB14-07348592BC4D}
		{B0C48028-2563-4C1A-A78D-C2C712E591C8} = {E8E780FD-5027-46E5-AB14-07348592BC4D}
		{E44063AE-72E9-4622-8A9C-3091B84D26AB} = {E8E780FD-5027-46E5-AB14-07348592BC4D}
		{2890870E-D987-4055-8DA6-1CD3965027B5} = {E8E780FD-5027-46E5-AB14-07348592BC4D}
		{ECFAB754-F638-4414-9FEB-3C880133F1BD} = {E8E780FD-5027-46E5-AB14-07348592BC4D}
		{9377501D-4BB5-4835-832C-43DAC34680DA} = {E8E780FD-5027-46E5-AB14-07348592BC4D}
		{9BFDFA7A-83EB-4B83-9355-8E8E9ABD0BC0} = {E8E780FD-5027-46E5-AB14-07348592BC4D}
	EndGlobalSection
	GlobalSection(ExtensibilityGlobals) = postSolution
		SolutionGuid = {FDBF19D3-5E26-42C1-B6FF-21C7BB2D0D1A}
	EndGlobalSection
EndGlobal
